{
	"requires": true,
	"lockfileVersion": 1,
	"dependencies": {
		"@esri/arcgis-rest-common-types": {
			"version": "1.2.1",
			"resolved": "https://registry.npmjs.org/@esri/arcgis-rest-common-types/-/arcgis-rest-common-types-1.2.1.tgz",
			"integrity": "sha512-ZFoizC6oa2TbHSM88mG0qGDSL5G4ODYAoJJiI1ACWyng1daZEd+SHZ3dqR7xPkawqlDwQmlKngRoERMIkrMayg=="
		}
	}
}
