{
	"name": "@esri/hub-downloads",
	"version": "8.8.0",
	"lockfileVersion": 1,
	"requires": true,
	"dependencies": {
		"@esri/arcgis-rest-feature-layer": {
			"version": "3.1.1",
			"resolved": "https://registry.npmjs.org/@esri/arcgis-rest-feature-layer/-/arcgis-rest-feature-layer-3.1.1.tgz",
			"integrity": "sha512-7ubbTYQQp3KVJqYAvofYsDqOjnhPcRFePyCzfPMMpy7YUw79QK4mGeMtgAHYoXulHMEvmwUbsY2E6V+YNZJd0w==",
			"requires": {
				"@esri/arcgis-rest-types": "^3.1.1",
				"tslib": "^1.13.0"
			},
			"dependencies": {
				"@esri/arcgis-rest-types": {
					"version": "3.1.1",
					"resolved": "https://registry.npmjs.org/@esri/arcgis-rest-types/-/arcgis-rest-types-3.1.1.tgz",
					"integrity": "sha512-WlKOlu/vSb4u4JDBhWCM7VvWbfE2ZRTp6DXHBRXuVlEj4krjj3FklmB4JGiEBHWxca7nYBcIFUJUiQxe1vqSyA=="
				}
			}
		},
		"@esri/arcgis-rest-portal": {
			"version": "3.1.1",
			"resolved": "https://registry.npmjs.org/@esri/arcgis-rest-portal/-/arcgis-rest-portal-3.1.1.tgz",
			"integrity": "sha512-dikFfiaWaljDZXOGubJ4X79vYpli/Mi3V46q0YVXTzDxZgVDeAp0G4BxlGwnLoc4uvJLG4/RDEd/I6WnNn8mzQ==",
			"requires": {
				"@esri/arcgis-rest-types": "^3.1.1",
				"tslib": "^1.13.0"
			},
			"dependencies": {
				"@esri/arcgis-rest-types": {
					"version": "3.1.1",
					"resolved": "https://registry.npmjs.org/@esri/arcgis-rest-types/-/arcgis-rest-types-3.1.1.tgz",
					"integrity": "sha512-WlKOlu/vSb4u4JDBhWCM7VvWbfE2ZRTp6DXHBRXuVlEj4krjj3FklmB4JGiEBHWxca7nYBcIFUJUiQxe1vqSyA=="
				}
			}
		},
		"@esri/arcgis-rest-request": {
			"version": "3.1.1",
			"resolved": "https://registry.npmjs.org/@esri/arcgis-rest-request/-/arcgis-rest-request-3.1.1.tgz",
			"integrity": "sha512-MwgRwSLM0dim4TmkJDaOjG3r/dtJ8DviZZL5NQwK9yE+x3zZBccyRBxH3vWTYSGHo+OQJssgupmlixPcaHxPSA==",
			"requires": {
				"tslib": "^1.10.0"
			}
		},
		"tslib": {
			"version": "1.13.0",
			"resolved": "https://registry.npmjs.org/tslib/-/tslib-1.13.0.tgz",
			"integrity": "sha512-i/6DQjL8Xf3be4K/E6Wgpekn5Qasl1usyw++dAA35Ue5orEn65VIxOA+YvNNl9HV3qv70T7CNwjODHZrLwvd1Q=="
		}
	}
}
