{
	"requires": true,
	"lockfileVersion": 1,
	"dependencies": {
		"@esri/arcgis-rest-auth": {
			"version": "2.14.0",
			"resolved": "https://registry.npmjs.org/@esri/arcgis-rest-auth/-/arcgis-rest-auth-2.14.0.tgz",
			"integrity": "sha512-qsLip4vFi4PgWTiSiDsO415aOcjdjfni4ZZBTyacfyzEdJhQuoIzUS9JSSMWW+/D4wkudZzwdI7hZGwhfHeNRA==",
			"requires": {
				"@esri/arcgis-rest-types": "^2.14.0",
				"tslib": "^1.9.3"
			}
		},
		"@esri/arcgis-rest-feature-layer": {
			"version": "2.14.0",
			"resolved": "https://registry.npmjs.org/@esri/arcgis-rest-feature-layer/-/arcgis-rest-feature-layer-2.14.0.tgz",
			"integrity": "sha512-KATRimT9lV7bo0yHHsaj5NGPqBV7ai34k98yPXxhZnSzBRMtZrDRfQq5k4/RDOUkaUfA2iKHWQgXy1Gw6gr0rQ==",
			"requires": {
				"@esri/arcgis-rest-types": "^2.14.0",
				"tslib": "^1.9.3"
			},
			"dependencies": {
				"@esri/arcgis-rest-types": {
					"version": "2.14.0",
					"resolved": "https://registry.npmjs.org/@esri/arcgis-rest-types/-/arcgis-rest-types-2.14.0.tgz",
					"integrity": "sha512-ZivBW3vPT8pi+pg9PstvvlDuM02i5unOHOjhsJoWDGX+TzDB709HGucXY4ul3YB5O2xF2ryjGjbhkGkseMs1dQ=="
				}
			}
		},
		"@esri/arcgis-rest-portal": {
			"version": "2.14.0",
			"resolved": "https://registry.npmjs.org/@esri/arcgis-rest-portal/-/arcgis-rest-portal-2.14.0.tgz",
			"integrity": "sha512-Sh5kTO0eivgSZ/5xJ+dRARYKshL2AfpLnMnVEV9tRQLKNqUJ5XsjReEoN+3a4yj12WDFcztTqHuqwZ7HPaNZMA==",
			"requires": {
				"@esri/arcgis-rest-types": "^2.14.0",
				"tslib": "^1.9.3"
			},
			"dependencies": {
				"@esri/arcgis-rest-types": {
					"version": "2.14.0",
					"resolved": "https://registry.npmjs.org/@esri/arcgis-rest-types/-/arcgis-rest-types-2.14.0.tgz",
					"integrity": "sha512-ZivBW3vPT8pi+pg9PstvvlDuM02i5unOHOjhsJoWDGX+TzDB709HGucXY4ul3YB5O2xF2ryjGjbhkGkseMs1dQ=="
				}
			}
		},
		"@esri/arcgis-rest-request": {
			"version": "2.14.0",
			"resolved": "https://registry.npmjs.org/@esri/arcgis-rest-request/-/arcgis-rest-request-2.14.0.tgz",
			"integrity": "sha512-RxF957PHzcI3JVd6y0NOvJtEgRxphyTa7Gajjcu0gEuniJzdsAIy9lywIZ8NPj6KqK5GTTxgFlWPs9p1A1xERA==",
			"requires": {
				"tslib": "^1.9.3"
			}
		},
		"@esri/arcgis-rest-types": {
			"version": "2.14.0",
			"resolved": "https://registry.npmjs.org/@esri/arcgis-rest-types/-/arcgis-rest-types-2.14.0.tgz",
			"integrity": "sha512-ZivBW3vPT8pi+pg9PstvvlDuM02i5unOHOjhsJoWDGX+TzDB709HGucXY4ul3YB5O2xF2ryjGjbhkGkseMs1dQ=="
		},
		"eventemitter3": {
			"version": "4.0.4",
			"resolved": "https://registry.npmjs.org/eventemitter3/-/eventemitter3-4.0.4.tgz",
			"integrity": "sha512-rlaVLnVxtxvoyLsQQFBx53YmXHDxRIzzTLbdfxqi4yocpSjAxXwkU0cScM5JgSKMqEhrZpnvQ2D9gjylR0AimQ=="
		},
		"tslib": {
			"version": "1.13.0",
			"resolved": "https://registry.npmjs.org/tslib/-/tslib-1.13.0.tgz",
			"integrity": "sha512-i/6DQjL8Xf3be4K/E6Wgpekn5Qasl1usyw++dAA35Ue5orEn65VIxOA+YvNNl9HV3qv70T7CNwjODHZrLwvd1Q=="
		}
	}
}
