{
  "requires": true,
  "lockfileVersion": 1,
  "dependencies": {
    "@esri/arcgis-rest-auth": {
      "version": "1.7.0",
      "resolved": "https://registry.npmjs.org/@esri/arcgis-rest-auth/-/arcgis-rest-auth-1.7.0.tgz",
      "integrity": "sha512-Z3TjSP2Ff0E3++94IrZvhXMOBVouyzAYhLh+RgadpCtv2iot/Y4pbgFiPebzfX+Ab/yHuY8coMsyuB58xehTUQ==",
      "requires": {
        "tslib": "^1.7.1"
      }
    },
    "@esri/arcgis-rest-common-types": {
      "version": "1.7.0",
      "resolved": "https://registry.npmjs.org/@esri/arcgis-rest-common-types/-/arcgis-rest-common-types-1.7.0.tgz",
      "integrity": "sha512-Q2/v9Qxmy7CXjksIEKMw2HhmbIC3F49ehemYR3Tn2Hy+sqbFp9qklKw7V63Nwj5vF3JaGntNoZWW2KycxqKs3Q=="
    },
    "@esri/arcgis-rest-request": {
      "version": "1.7.0",
      "resolved": "https://registry.npmjs.org/@esri/arcgis-rest-request/-/arcgis-rest-request-1.7.0.tgz",
      "integrity": "sha512-m0lnoFKS+edDlBlGwXxBn1G4oRePdVbmJFPVnHoPQxqh/BZzWF2qcQuRf1NWX/Vz5G7CrG7FXrRGYlpu737v8g==",
      "requires": {
        "tslib": "^1.7.1"
      }
    },
    "tslib": {
      "version": "1.9.0",
      "resolved": "https://registry.npmjs.org/tslib/-/tslib-1.9.0.tgz",
      "integrity": "sha512-f/qGG2tUkrISBlQZEjEqoZ3B2+npJjIf04H1wuAv9iA8i04Icp+61KRXxFdha22670NJopsZCIjhC3SnjPRKrQ=="
    }
  }
}
