{
  "requires": true,
  "lockfileVersion": 1,
  "dependencies": {
    "@esri/arcgis-rest-auth": {
      "version": "1.19.0",
      "resolved": "https://registry.npmjs.org/@esri/arcgis-rest-auth/-/arcgis-rest-auth-1.19.0.tgz",
      "integrity": "sha512-maYqktSneLV3hFcciP2Q85NSA7c75ELvaQjwKutx2/pQSEULmMoguwztbvE+W+jt2gRjPFLRP/EKY5uSV0QZgA==",
      "requires": {
        "tslib": "^1.9.3"
      }
    },
    "@esri/arcgis-rest-common-types": {
      "version": "1.19.0",
      "resolved": "https://registry.npmjs.org/@esri/arcgis-rest-common-types/-/arcgis-rest-common-types-1.19.0.tgz",
      "integrity": "sha512-nuIPaWOHfwSAWZjkhJeKzFxKme52EoJNjKFN2hyvsA5pF4hnU8+2yD+Ex7mWAwLIOv5DP2pIpZADUVOCGYetJA=="
    },
    "@esri/arcgis-rest-request": {
      "version": "1.19.0",
      "resolved": "https://registry.npmjs.org/@esri/arcgis-rest-request/-/arcgis-rest-request-1.19.0.tgz",
      "integrity": "sha512-f7TQLkBlnBigy15K5L+mcD8Y9A82ZJ5/ezE2f0HkfzI4T5VSld9/bEX/9TxpCicPLXmaA/NyAPJHXLxcOTxIcw==",
      "requires": {
        "tslib": "^1.9.3"
      }
    },
    "tslib": {
      "version": "1.9.3",
      "resolved": "https://registry.npmjs.org/tslib/-/tslib-1.9.3.tgz",
      "integrity": "sha512-4krF8scpejhaOgqzBEcGM7yDIEfi0/8+8zDRZhNZZ2kjmHJ4hv3zCbQWxoJGz1iw5U0Jl0nma13xzHXcncMavQ=="
    }
  }
}
