{
  "requires": true,
  "lockfileVersion": 1,
  "dependencies": {
    "@esri/arcgis-rest-auth": {
      "version": "1.9.0",
      "resolved": "https://registry.npmjs.org/@esri/arcgis-rest-auth/-/arcgis-rest-auth-1.9.0.tgz",
      "integrity": "sha512-Q7dvrxfj5FZ7z61xRRrBJ6NO41ad9Olt7+4kfedI5fN6sBfPcqMexpSRdcgHopClYU+aGb4netPotoMWk1ySOQ==",
      "requires": {
        "tslib": "^1.7.1"
      }
    },
    "@esri/arcgis-rest-common-types": {
      "version": "1.9.0",
      "resolved": "https://registry.npmjs.org/@esri/arcgis-rest-common-types/-/arcgis-rest-common-types-1.9.0.tgz",
      "integrity": "sha512-cuEc7zwTVl4JE/A7Tt0OWrHnYE6XgSMNZo4M1vjxZBtlFDG+z08u3L3ZeGoQN3A1i+SmBUFWaxyccMq4q3QqdA=="
    },
    "@esri/arcgis-rest-request": {
      "version": "1.9.0",
      "resolved": "https://registry.npmjs.org/@esri/arcgis-rest-request/-/arcgis-rest-request-1.9.0.tgz",
      "integrity": "sha512-tUq1YN7qppwaTfp5tx79zm1ELhQaNVsm3zdyYaPQ5M3Ni/GaM9YZm7WAgFb8QWBglyRHkOPdmaMZzBktFvi4xA==",
      "requires": {
        "tslib": "^1.7.1"
      }
    },
    "tslib": {
      "version": "1.9.0",
      "resolved": "https://registry.npmjs.org/tslib/-/tslib-1.9.0.tgz",
      "integrity": "sha512-f/qGG2tUkrISBlQZEjEqoZ3B2+npJjIf04H1wuAv9iA8i04Icp+61KRXxFdha22670NJopsZCIjhC3SnjPRKrQ=="
    }
  }
}
