{
<<<<<<< HEAD
=======
	"name": "@esri/hub-initiatives",
	"version": "2.4.0",
	"lockfileVersion": 1,
>>>>>>> refactor(change activate initiative flow to handle missing group create privs and embedded resources
	"requires": true,
	"lockfileVersion": 1,
	"dependencies": {
		"@esri/arcgis-rest-auth": {
			"version": "2.0.1",
			"resolved": "https://registry.npmjs.org/@esri/arcgis-rest-auth/-/arcgis-rest-auth-2.0.1.tgz",
			"integrity": "sha512-88SVnEpX/JpnLqeWxyf07c+dXEDfibKol7bZIRrrbBuw28dsRiwQqlMqI+bF0Vbyj0zTid/zvBLn74DNovKkFg==",
			"requires": {
				"@esri/arcgis-rest-types": "2.0.1",
				"tslib": "1.9.3"
			}
		},
		"@esri/arcgis-rest-portal": {
			"version": "2.0.1",
			"resolved": "https://registry.npmjs.org/@esri/arcgis-rest-portal/-/arcgis-rest-portal-2.0.1.tgz",
			"integrity": "sha512-KlSvvojy6NKR2TXgNJq+w/jwhpIouiNihtnv8v2o2XKt6pRrMgL7qIzZssQbB6UZ1FD8gxbdXe6xdwRgW+yaiQ==",
			"requires": {
				"@esri/arcgis-rest-types": "2.0.1",
				"tslib": "1.9.3"
			}
		},
		"@esri/arcgis-rest-request": {
			"version": "2.0.1",
			"resolved": "https://registry.npmjs.org/@esri/arcgis-rest-request/-/arcgis-rest-request-2.0.1.tgz",
			"integrity": "sha512-lAhX15VI306bzzMH6xWCSSg1GHZxa5eWLb0r5M94Uet/Z0mMTXXTtIMQWYO0WQ05jEpLnZ5UKvNR0v9aKyFNkw==",
			"requires": {
				"tslib": "1.9.3"
			}
		},
		"@esri/arcgis-rest-types": {
			"version": "2.0.1",
			"resolved": "https://registry.npmjs.org/@esri/arcgis-rest-types/-/arcgis-rest-types-2.0.1.tgz",
<<<<<<< HEAD
			"integrity": "sha512-3bsrqespqnjAkT+fdnEOfyX57cjnijEWegnXngeD6QlBohTtIys0bhw5bKySOkq4Jnv3JZzmiPYqVZCuJcDKig=="
=======
			"integrity": "sha512-3bsrqespqnjAkT+fdnEOfyX57cjnijEWegnXngeD6QlBohTtIys0bhw5bKySOkq4Jnv3JZzmiPYqVZCuJcDKig==",
			"dev": true
		},
		"@esri/hub-common": {
			"version": "2.4.0",
			"resolved": "https://registry.npmjs.org/@esri/hub-common/-/hub-common-2.4.0.tgz",
			"integrity": "sha512-EtMzb3VVx/ihxekwxsOdGyfQ2VTtTYg2JN08thSVZl2BlzXdTt60rtSW7PPGiNoQVTc1Jj8I0Cy9Axyjh3iXfA==",
			"dev": true,
			"requires": {
				"tslib": "1.9.3"
			}
		},
		"@esri/hub-sites": {
			"version": "2.4.0",
			"resolved": "https://registry.npmjs.org/@esri/hub-sites/-/hub-sites-2.4.0.tgz",
			"integrity": "sha512-r1CRJCFMNloBoHbyk7A802+QGo5xTtND35E7Esu1h+dNsymnbkq1LyOBqO2boSHVEThbFaCukiGI93+2gFXDuA==",
			"dev": true,
			"requires": {
				"tslib": "1.9.3"
			}
>>>>>>> refactor(change activate initiative flow to handle missing group create privs and embedded resources
		},
		"blob": {
			"version": "0.0.4",
			"resolved": "https://registry.npmjs.org/blob/-/blob-0.0.4.tgz",
			"integrity": "sha1-vPEwUspURj8w+fx+lbmkdjCpSSE="
		},
		"tslib": {
			"version": "1.9.3",
			"resolved": "https://registry.npmjs.org/tslib/-/tslib-1.9.3.tgz",
			"integrity": "sha512-4krF8scpejhaOgqzBEcGM7yDIEfi0/8+8zDRZhNZZ2kjmHJ4hv3zCbQWxoJGz1iw5U0Jl0nma13xzHXcncMavQ=="
		}
	}
}
