{
	"requires": true,
	"lockfileVersion": 1,
	"dependencies": {
		"@esri/arcgis-rest-auth": {
			"version": "1.14.1",
			"resolved": "https://registry.npmjs.org/@esri/arcgis-rest-auth/-/arcgis-rest-auth-1.14.1.tgz",
			"integrity": "sha512-HgYVk7tKdFokkYBJX5HP9vrbfADDQRdgzpskxkp96xl4d9y4svHNdvqNSxmK6sdqMtEo3oFEWFUcMB5wfCJCHA==",
			"requires": {
				"tslib": "^1.7.1"
			}
		},
		"@esri/arcgis-rest-common-types": {
			"version": "1.14.1",
			"resolved": "https://registry.npmjs.org/@esri/arcgis-rest-common-types/-/arcgis-rest-common-types-1.14.1.tgz",
			"integrity": "sha512-yWtuxTv88ZKKw4vWF+KD2C1WW9FGc5OIRME/bXiRdvYdkcx5uaM7sbUXZ43Z4rX6ZqFyLPsTlgrYPTgHeYVHlg=="
		},
		"@esri/arcgis-rest-groups": {
			"version": "1.14.1",
			"resolved": "https://registry.npmjs.org/@esri/arcgis-rest-groups/-/arcgis-rest-groups-1.14.1.tgz",
			"integrity": "sha512-7hpjC+7BkBNssnp06Y6cLF+ZqUAUgcvd77TBCC383rVusjbu32z/CsCCupAI0/EUxffGAc18fzsRLoWo7nlXgg==",
			"requires": {
				"tslib": "^1.7.1"
			}
		},
		"@esri/arcgis-rest-items": {
			"version": "1.14.1",
			"resolved": "https://registry.npmjs.org/@esri/arcgis-rest-items/-/arcgis-rest-items-1.14.1.tgz",
			"integrity": "sha512-OoGjMySeaM2gSTwHCHHFw/EuSud3KrvST+THwwANyH6SXZUFHoNTfM4LECt8QvwkGGgIKw4bvORuHPLQ5zN5og==",
			"requires": {
				"tslib": "^1.7.1"
			}
		},
		"@esri/arcgis-rest-request": {
			"version": "1.14.1",
			"resolved": "https://registry.npmjs.org/@esri/arcgis-rest-request/-/arcgis-rest-request-1.14.1.tgz",
			"integrity": "sha512-orHfY29vSRY4HTMRTHwOgph/I/mkPbo9U4nLW1mzv7RgbCmKR2wU0gu25+Abf9v4UvQ+fFo9TfK8jZ27+EjlCg==",
			"requires": {
				"tslib": "^1.7.1"
			}
		},
		"@esri/arcgis-rest-sharing": {
			"version": "1.14.1",
			"resolved": "https://registry.npmjs.org/@esri/arcgis-rest-sharing/-/arcgis-rest-sharing-1.14.1.tgz",
			"integrity": "sha512-angYAt0QhZUB2l3Q5eCRrpQWEC8H+XZYLJaaiak9kCbFYFbwLFmj+pCxLxCPhdikp2kroraR3KSXgPtFPSyU9w==",
			"requires": {
				"tslib": "^1.8.0"
			}
		},
		"blob": {
			"version": "0.0.4",
			"resolved": "https://registry.npmjs.org/blob/-/blob-0.0.4.tgz",
			"integrity": "sha1-vPEwUspURj8w+fx+lbmkdjCpSSE="
		},
		"tslib": {
			"version": "1.9.3",
			"resolved": "https://registry.npmjs.org/tslib/-/tslib-1.9.3.tgz",
			"integrity": "sha512-4krF8scpejhaOgqzBEcGM7yDIEfi0/8+8zDRZhNZZ2kjmHJ4hv3zCbQWxoJGz1iw5U0Jl0nma13xzHXcncMavQ=="
		}
	}
}
