{
	"requires": true,
	"lockfileVersion": 1,
	"dependencies": {
		"@esri/arcgis-rest-auth": {
			"version": "1.13.1",
			"resolved": "https://registry.npmjs.org/@esri/arcgis-rest-auth/-/arcgis-rest-auth-1.13.1.tgz",
			"integrity": "sha512-8ieOtRjDfB6EUnaNpaL1hYkAj/SOqaVUrcnIVtvJJ6faJkZmW3oVezzxFU+SgJdRtkmrRxXa68f0dD3jswDW7A==",
			"requires": {
				"tslib": "^1.7.1"
			}
		},
		"@esri/arcgis-rest-common-types": {
			"version": "1.13.1",
			"resolved": "https://registry.npmjs.org/@esri/arcgis-rest-common-types/-/arcgis-rest-common-types-1.13.1.tgz",
			"integrity": "sha512-xl5EEGIdZ3oGXRaJCB62IoWwgNblobIdvMTj50ZK4TFx/haQAfYo37SkyPMfjjETGt2QEQpZu21+etxonTqUoA=="
		},
		"@esri/arcgis-rest-groups": {
			"version": "1.13.1",
			"resolved": "https://registry.npmjs.org/@esri/arcgis-rest-groups/-/arcgis-rest-groups-1.13.1.tgz",
			"integrity": "sha512-WetGZXUSYedLmetaqCPCFiZa/YndsLDQeUjiiOW9f49M+wEVyP5PNyao+KESJ1/vnoyaugTng5KdQQxBb8bS6A==",
			"requires": {
				"tslib": "^1.7.1"
			}
		},
		"@esri/arcgis-rest-items": {
			"version": "1.13.1",
			"resolved": "https://registry.npmjs.org/@esri/arcgis-rest-items/-/arcgis-rest-items-1.13.1.tgz",
			"integrity": "sha512-UY+9fNee5JBFxP08GT/jEJAAhJF9xSiGLX8cQVmfrPSLETRc1gTzKDkdH7hE8frh8Vos0OaxbZbV3xcyiwuLSw==",
			"requires": {
				"tslib": "^1.7.1"
			}
		},
		"@esri/arcgis-rest-request": {
			"version": "1.13.1",
			"resolved": "https://registry.npmjs.org/@esri/arcgis-rest-request/-/arcgis-rest-request-1.13.1.tgz",
			"integrity": "sha512-qyF9SpYmL10qeztzyIigxkGwnyq9x5D7Arh/cPgwRqY9MKU/s1xIyN0PrMd896cWmneBZGueeeaPNO0JJ1ZnRg==",
			"requires": {
				"tslib": "^1.7.1"
			}
		},
		"@esri/arcgis-rest-sharing": {
			"version": "1.13.1",
			"resolved": "https://registry.npmjs.org/@esri/arcgis-rest-sharing/-/arcgis-rest-sharing-1.13.1.tgz",
			"integrity": "sha512-1RxDLRlpA+DCGz4y9Vuk1is/fmW1EAOXKX6cu01oGGFmxnDNnAd6BxTCTvQ+g84ecNLPv/+y7k1FigeOcqcziA==",
			"requires": {
				"tslib": "^1.8.0"
			}
		},
		"blob": {
			"version": "0.0.4",
			"resolved": "https://registry.npmjs.org/blob/-/blob-0.0.4.tgz",
			"integrity": "sha1-vPEwUspURj8w+fx+lbmkdjCpSSE="
		},
		"tslib": {
			"version": "1.9.3",
			"resolved": "https://registry.npmjs.org/tslib/-/tslib-1.9.3.tgz",
			"integrity": "sha512-4krF8scpejhaOgqzBEcGM7yDIEfi0/8+8zDRZhNZZ2kjmHJ4hv3zCbQWxoJGz1iw5U0Jl0nma13xzHXcncMavQ=="
		}
	}
}
