# THIS IS AN AUTOGENERATED FILE. DO NOT EDIT THIS FILE DIRECTLY.
# yarn lockfile v1


"@esri/arcgis-rest-auth@^2.0.0":
  version "2.1.0"
  resolved "https://registry.yarnpkg.com/@esri/arcgis-rest-auth/-/arcgis-rest-auth-2.1.0.tgz#e2633d6f4050ce30e01576b434c6eec07b52639b"
  integrity sha512-J8x9iRtDbH+RZkFdzkcZje4P0Bo5Fly/Tfuw1Lup6Ji6JjDH00zF8TsuPC7+20+anF/syzRIm4lZLeKjJU3e3w==
  dependencies:
    "@esri/arcgis-rest-types" "^2.1.0"
    tslib "^1.9.3"

"@esri/arcgis-rest-portal@^2.0.0":
  version "2.1.0"
  resolved "https://registry.yarnpkg.com/@esri/arcgis-rest-portal/-/arcgis-rest-portal-2.1.0.tgz#408d806fa9e414bc7bb0b361c6a1c1bfff20d468"
  integrity sha512-LrdCiV7QCUyS/vyW17MqGxfhV1gYkalgBrOQnyzBqgJYysHwzGU8+Iu2pUL0YtYwZme1VC17zLWo2oW+0DXPfA==
  dependencies:
    "@esri/arcgis-rest-types" "^2.1.0"
    tslib "^1.9.3"

"@esri/arcgis-rest-request@^2.0.0":
  version "2.1.0"
  resolved "https://registry.yarnpkg.com/@esri/arcgis-rest-request/-/arcgis-rest-request-2.1.0.tgz#635ccfd6acfeae4badc10df57f98fb5a3205af8f"
  integrity sha512-A2ym3kwd7cao5+i4abQxj5Nc9KXofWil5Rpa490ssXSnowCPG/HVbxltpFSiqSR/5XOgcotkjbwpJ8yRQclt+g==
  dependencies:
    tslib "^1.9.3"

"@esri/arcgis-rest-types@^2.1.0":
  version "2.1.0"
  resolved "https://registry.yarnpkg.com/@esri/arcgis-rest-types/-/arcgis-rest-types-2.1.0.tgz#4704ec5a4d02c995ff386c54a8a611190d812674"
  integrity sha512-vVUafXHQoEE381BGFxrv/M+vZzwbSPj6M8cWg7uqXlmEvu8943b2o80A1RYtqXmrO4QYiNtKQzT2PXnQBqns7w==

"@esri/hub-common@^2.2.2":
  version "2.2.3"
  resolved "https://registry.yarnpkg.com/@esri/hub-common/-/hub-common-2.2.3.tgz#1d24fee70240fc0f4432887ebd905c9a1cc1ba17"
  integrity sha512-km3TKZROC5/mFE2SxYf7dGyaJqtlflozeC1UrUSewo5F+GkhxPOx1lkevn8VOMjWJCTmtZ1n7vlOUzLEb28aSw==
  dependencies:
    tslib "^1.9.3"

"@esri/hub-sites@^2.2.2":
  version "2.2.3"
  resolved "https://registry.yarnpkg.com/@esri/hub-sites/-/hub-sites-2.2.3.tgz#c92411854557b31fe9869b50d768dcb3eca38f28"
  integrity sha512-I91wUQDRGRiXPnxZDgaYgsn83+/i0ZZtQWSMC/fPh+herw8IUECetFPvKD14XLGLYFiohcREHwOjnvDeNOGgLw==
  dependencies:
    tslib "^1.9.3"

blob@0.0.4:
  version "0.0.4"
  resolved "https://registry.yarnpkg.com/blob/-/blob-0.0.4.tgz#bcf13052ca54463f30f9fc7e95b9a47630a94921"
  integrity sha1-vPEwUspURj8w+fx+lbmkdjCpSSE=

tslib@^1.9.3:
  version "1.10.0"
  resolved "https://registry.yarnpkg.com/tslib/-/tslib-1.10.0.tgz#c3c19f95973fb0a62973fb09d90d961ee43e5c8a"
  integrity sha512-qOebF53frne81cf0S9B41ByenJ3/IuH8yJKngAX35CmiZySA0khhkovshKK+jGCaMnVomla7gVlIcc3EvKPbTQ==
