{
	"name": "@esri/hub-sites",
	"version": "6.15.0",
	"lockfileVersion": 1,
	"requires": true,
	"dependencies": {
		"@esri/arcgis-rest-portal": {
			"version": "2.19.0",
			"resolved": "https://registry.npmjs.org/@esri/arcgis-rest-portal/-/arcgis-rest-portal-2.19.0.tgz",
			"integrity": "sha512-jjW7x6W2+acYEYa+3h2OUXl44UIinPDpDjDcjotHfccLhF6BRSgLRUbmZNHxK1PEfxSuib7jv7y7PgA8WCZHlg==",
			"dev": true,
			"requires": {
				"@esri/arcgis-rest-types": "^2.19.0",
				"tslib": "^1.13.0"
			},
			"dependencies": {
				"@esri/arcgis-rest-types": {
					"version": "2.19.0",
					"resolved": "https://registry.npmjs.org/@esri/arcgis-rest-types/-/arcgis-rest-types-2.19.0.tgz",
					"integrity": "sha512-UgWV1BjiCrfT2dm+4UAjyYocUT7gKTptgT4UgrTGGVjthpDlOMbRIVSguzJnrQnzND1+zFuv2QCwzcwXU+rGsA==",
					"dev": true
				},
				"tslib": {
					"version": "1.13.0",
					"resolved": "https://registry.npmjs.org/tslib/-/tslib-1.13.0.tgz",
					"integrity": "sha512-i/6DQjL8Xf3be4K/E6Wgpekn5Qasl1usyw++dAA35Ue5orEn65VIxOA+YvNNl9HV3qv70T7CNwjODHZrLwvd1Q==",
					"dev": true
				}
			}
		}
	}
}
