{
	"requires": true,
	"lockfileVersion": 1,
	"dependencies": {
		"@esri/arcgis-rest-auth": {
			"version": "2.0.0",
			"resolved": "https://registry.npmjs.org/@esri/arcgis-rest-auth/-/arcgis-rest-auth-2.0.0.tgz",
			"integrity": "sha512-QSTKAFr++TUCV/4Xo5ySeG0PKueNJm3kxB7Rulh7ER8UVwjqDHaGqV/G1EkIRqdcIzW1GrBfedoqWaYaEhvaiQ==",
			"requires": {
				"@esri/arcgis-rest-types": "^2.0.0",
				"tslib": "^1.9.3"
			}
		},
		"@esri/arcgis-rest-portal": {
			"version": "2.0.0",
			"resolved": "https://registry.npmjs.org/@esri/arcgis-rest-portal/-/arcgis-rest-portal-2.0.0.tgz",
			"integrity": "sha512-j1/mF64XqmLdguuYBo9F7zbmaZAyAyy1Jlwq+nNT7rI3w8GC3xssslMg7DBdrPktjCOF7DAkQxAkUyHBd3Qxig==",
			"requires": {
				"@esri/arcgis-rest-types": "^2.0.0",
				"tslib": "^1.9.3"
			}
		},
		"@esri/arcgis-rest-request": {
			"version": "2.0.0",
			"resolved": "https://registry.npmjs.org/@esri/arcgis-rest-request/-/arcgis-rest-request-2.0.0.tgz",
			"integrity": "sha512-iWTSEVzcLB2f08sWlFK8OlzlH5bEUMlmw2CrS/sS8NVcNSifILNXcQ/2zUo7oCD9biJ/05+gpssh9S3BBEg6QQ==",
			"requires": {
				"tslib": "^1.9.3"
			}
		},
		"@esri/arcgis-rest-types": {
			"version": "2.0.0",
			"resolved": "https://registry.npmjs.org/@esri/arcgis-rest-types/-/arcgis-rest-types-2.0.0.tgz",
			"integrity": "sha512-QGx2vjEUvsEQW2e1bQrWAmg5G5HyCOK3lseduXfLSMCcHSpKFsU/1T34Eg5B16ULN2WF3414GjVA2yxlwtqsgQ=="
		},
		"tslib": {
			"version": "1.9.3",
			"resolved": "https://registry.npmjs.org/tslib/-/tslib-1.9.3.tgz",
			"integrity": "sha512-4krF8scpejhaOgqzBEcGM7yDIEfi0/8+8zDRZhNZZ2kjmHJ4hv3zCbQWxoJGz1iw5U0Jl0nma13xzHXcncMavQ=="
		}
	}
}
