{
	"requires": true,
	"lockfileVersion": 1,
	"dependencies": {
		"@esri/arcgis-rest-auth": {
			"version": "1.14.1",
			"resolved": "https://registry.npmjs.org/@esri/arcgis-rest-auth/-/arcgis-rest-auth-1.14.1.tgz",
			"integrity": "sha512-HgYVk7tKdFokkYBJX5HP9vrbfADDQRdgzpskxkp96xl4d9y4svHNdvqNSxmK6sdqMtEo3oFEWFUcMB5wfCJCHA==",
			"requires": {
				"tslib": "^1.7.1"
			}
		},
		"@esri/arcgis-rest-common-types": {
			"version": "1.14.1",
			"resolved": "https://registry.npmjs.org/@esri/arcgis-rest-common-types/-/arcgis-rest-common-types-1.14.1.tgz",
			"integrity": "sha512-yWtuxTv88ZKKw4vWF+KD2C1WW9FGc5OIRME/bXiRdvYdkcx5uaM7sbUXZ43Z4rX6ZqFyLPsTlgrYPTgHeYVHlg=="
		},
		"@esri/arcgis-rest-items": {
			"version": "1.14.1",
			"resolved": "https://registry.npmjs.org/@esri/arcgis-rest-items/-/arcgis-rest-items-1.14.1.tgz",
			"integrity": "sha512-OoGjMySeaM2gSTwHCHHFw/EuSud3KrvST+THwwANyH6SXZUFHoNTfM4LECt8QvwkGGgIKw4bvORuHPLQ5zN5og==",
			"requires": {
				"tslib": "^1.7.1"
			}
		},
		"@esri/arcgis-rest-request": {
			"version": "1.14.1",
			"resolved": "https://registry.npmjs.org/@esri/arcgis-rest-request/-/arcgis-rest-request-1.14.1.tgz",
			"integrity": "sha512-orHfY29vSRY4HTMRTHwOgph/I/mkPbo9U4nLW1mzv7RgbCmKR2wU0gu25+Abf9v4UvQ+fFo9TfK8jZ27+EjlCg==",
			"requires": {
				"tslib": "^1.7.1"
			}
		},
		"tslib": {
			"version": "1.9.3",
			"resolved": "https://registry.npmjs.org/tslib/-/tslib-1.9.3.tgz",
			"integrity": "sha512-4krF8scpejhaOgqzBEcGM7yDIEfi0/8+8zDRZhNZZ2kjmHJ4hv3zCbQWxoJGz1iw5U0Jl0nma13xzHXcncMavQ=="
		}
	}
}
