{
	"name": "@esri/hub-content",
	"version": "8.14.0",
	"lockfileVersion": 1,
	"requires": true,
	"dependencies": {
		"@esri/arcgis-rest-feature-layer": {
			"version": "3.2.0",
			"resolved": "https://registry.npmjs.org/@esri/arcgis-rest-feature-layer/-/arcgis-rest-feature-layer-3.2.0.tgz",
			"integrity": "sha512-UYBBuvcFK32SziGy46qi7FH0z4QN4n5w5S5+eMFJeMWtb8uGnKfHEUnG+56DPl4TY7/y+L1chWwkZ1KK7U6KKA==",
			"dev": true,
			"requires": {
				"@esri/arcgis-rest-types": "^3.2.0",
				"tslib": "^1.13.0"
			},
			"dependencies": {
				"@esri/arcgis-rest-types": {
					"version": "3.2.0",
					"resolved": "https://registry.npmjs.org/@esri/arcgis-rest-types/-/arcgis-rest-types-3.2.0.tgz",
					"integrity": "sha512-rtCg5vIiYJLqpY4d7FfdGsWffAYbw/Mpz/f+FM4njZ3Y7PsOH//SZF/M59mVBZ+KGzZexXBeoLKt8a+V0Hj2HQ==",
					"dev": true
				}
			}
		},
		"tslib": {
			"version": "1.13.0",
			"resolved": "https://registry.npmjs.org/tslib/-/tslib-1.13.0.tgz",
			"integrity": "sha512-i/6DQjL8Xf3be4K/E6Wgpekn5Qasl1usyw++dAA35Ue5orEn65VIxOA+YvNNl9HV3qv70T7CNwjODHZrLwvd1Q==",
			"dev": true
		}
	}
}
