{
	"name": "@esri/hub-content",
	"version": "6.1.0",
	"lockfileVersion": 1,
	"requires": true,
	"dependencies": {
		"@esri/arcgis-rest-auth": {
			"version": "2.14.1",
			"resolved": "https://registry.npmjs.org/@esri/arcgis-rest-auth/-/arcgis-rest-auth-2.14.1.tgz",
			"integrity": "sha512-v81kaGhTYDTXgICImfOvhGGvPIiH2iYswcwq6VaTEtT3JAJg+eUMlyLYJLAJKiYcvG9h+wOQxKm5OIg4wgcs0Q==",
			"dev": true,
			"requires": {
				"@esri/arcgis-rest-types": "^2.14.1",
				"tslib": "^1.9.3"
			}
		},
		"@esri/arcgis-rest-portal": {
			"version": "2.14.1",
			"resolved": "https://registry.npmjs.org/@esri/arcgis-rest-portal/-/arcgis-rest-portal-2.14.1.tgz",
			"integrity": "sha512-xuUUrnHaIXzCe2DqzfbIwC41dzQ0e2/ywZrpoasxQSHSjIHUzKmNrV0kp+kTAnnCF6wGJdWRI1Ffkr32OLqarA==",
			"dev": true,
			"requires": {
				"@esri/arcgis-rest-types": "^2.14.1",
				"tslib": "^1.9.3"
			}
		},
		"@esri/arcgis-rest-request": {
			"version": "2.14.1",
			"resolved": "https://registry.npmjs.org/@esri/arcgis-rest-request/-/arcgis-rest-request-2.14.1.tgz",
			"integrity": "sha512-adTq5yGbzGGWA0+Oq6eEu+sJAK0CLyeM4Peh8q9jS7Kpj7YhBnzaP/Z2hnLAE/fu9ZG8xZTUiAqojGGBvd7LkQ==",
			"dev": true,
			"requires": {
				"tslib": "^1.9.3"
			}
		},
		"@esri/arcgis-rest-types": {
			"version": "2.14.1",
			"resolved": "https://registry.npmjs.org/@esri/arcgis-rest-types/-/arcgis-rest-types-2.14.1.tgz",
			"integrity": "sha512-hlmu7qGKteuF5NiVDX/oWuT6zJnq+P0ns6BkKM/s94MApZlS1FCFxAQS3wl/1MiUPtQykApE4prcyjlknuWglQ==",
			"dev": true
		},
		"json-typescript": {
			"version": "1.1.2",
			"resolved": "https://registry.npmjs.org/json-typescript/-/json-typescript-1.1.2.tgz",
			"integrity": "sha512-Np07MUsYMKbB0nNlw/MMIRjUK7ehO48LA4FsrzrhCfTUxMKbvOBAo0sc0b4nQ80ge9d32sModCunCgoyUojgUA==",
			"dev": true
		},
		"jsonapi-typescript": {
			"version": "0.1.3",
			"resolved": "https://registry.npmjs.org/jsonapi-typescript/-/jsonapi-typescript-0.1.3.tgz",
			"integrity": "sha512-uPcPS01GeM+4HIyn18s7l1yD2S3uLZy2TX1UkQffCM0bLb3TMwudXUyVXPHTMZ4vdZT8MqKqN2vjB5PogTAdFQ==",
			"dev": true,
			"requires": {
				"json-typescript": "^1.0.0"
			}
		},
		"tslib": {
			"version": "1.13.0",
			"resolved": "https://registry.npmjs.org/tslib/-/tslib-1.13.0.tgz",
			"integrity": "sha512-i/6DQjL8Xf3be4K/E6Wgpekn5Qasl1usyw++dAA35Ue5orEn65VIxOA+YvNNl9HV3qv70T7CNwjODHZrLwvd1Q=="
		}
	}
}
