{
	"requires": true,
	"lockfileVersion": 1,
	"dependencies": {
		"@esri/arcgis-rest-common-types": {
			"version": "1.9.0",
			"resolved": "https://registry.npmjs.org/@esri/arcgis-rest-common-types/-/arcgis-rest-common-types-1.9.0.tgz",
			"integrity": "sha512-cuEc7zwTVl4JE/A7Tt0OWrHnYE6XgSMNZo4M1vjxZBtlFDG+z08u3L3ZeGoQN3A1i+SmBUFWaxyccMq4q3QqdA=="
		}
	}
}
