{
	"requires": true,
	"lockfileVersion": 1,
	"dependencies": {
		"@esri/arcgis-rest-common-types": {
			"version": "1.13.1",
			"resolved": "https://registry.npmjs.org/@esri/arcgis-rest-common-types/-/arcgis-rest-common-types-1.13.1.tgz",
			"integrity": "sha512-xl5EEGIdZ3oGXRaJCB62IoWwgNblobIdvMTj50ZK4TFx/haQAfYo37SkyPMfjjETGt2QEQpZu21+etxonTqUoA=="
		}
	}
}
