{
  "name": "@esri/hub-common",
  "version": "20.8.1",
  "lockfileVersion": 2,
  "requires": true,
  "packages": {
    "": {
      "name": "@esri/hub-common",
      "version": "20.8.1",
      "license": "Apache-2.0",
      "dependencies": {
        "@terraformer/arcgis": "^2.1.2",
        "abab": "^2.0.5",
        "adlib": "^3.0.8",
        "ajv": "^6.12.6",
        "fast-xml-parser": "^3.21.0",
        "json-schema-typed": "^7.0.3",
        "jsonapi-typescript": "^0.1.3",
        "tslib": "^1.13.0"
      },
      "devDependencies": {
        "@types/adlib": "^3.0.1",
        "@types/geojson": "^7946.0.13",
        "@types/terraformer__arcgis": "^2.0.5",
        "typescript": "^3.8.1"
      },
      "peerDependencies": {
        "@esri/arcgis-rest-feature-service": "^4.0.0",
        "@esri/arcgis-rest-portal": "^4.0.0",
        "@esri/arcgis-rest-request": "^4.7.1"
      }
    },
    "node_modules/@esri/arcgis-rest-feature-service": {
      "version": "4.4.0",
      "integrity": "sha512-aCUpWt2ZtSHLOylA9VXPWO9C8BFQHVk3sn1lnUQm5SWInMPE0cVrtaA4eAi9lzYz4m7oam7KqjqI7u/6FxW/ig==",
      "peer": true,
      "dependencies": {
        "tslib": "^2.3.0"
      },
      "engines": {
        "node": ">=12.20.0"
      },
      "peerDependencies": {
        "@esri/arcgis-rest-portal": "^4.0.0",
        "@esri/arcgis-rest-request": "^4.0.0"
      }
    },
    "node_modules/@esri/arcgis-rest-feature-service/node_modules/tslib": {
      "version": "2.8.1",
      "integrity": "sha512-oJFu94HQb+KVduSUQL7wnpmqnfmLsOA/nAh6b6EH0wCEoK0/mPeXU6c3wKDV83MkOuHPRHtSXKKU99IBazS/2w==",
      "peer": true
    },
    "node_modules/@esri/arcgis-rest-fetch": {
      "version": "4.0.0",
      "integrity": "sha512-ybsMO2L4cxx0IaIx0jv6/VbXidZmQIiGD3bvPF1/n1Y1ljHIhCvX+ti54cQSfg/HW2+VAVVnt8EPD/omVhNAyg==",
      "peer": true,
      "dependencies": {
        "node-fetch": "^3.0.0"
      }
    },
    "node_modules/@esri/arcgis-rest-form-data": {
      "version": "4.0.0",
      "integrity": "sha512-cAS9HONIJgseCDdgRCIHBR4CE/OQXZIRP3FoNx/w+XyjVqK6yQiwCeXpYLfHeEZ6GEQqrA9XUBxifWG9UaJyXA==",
      "peer": true,
      "dependencies": {
        "formdata-node": "^4.1.0"
      }
    },
    "node_modules/@esri/arcgis-rest-portal": {
      "version": "4.7.0",
      "integrity": "sha512-X7oQM24By76bwpJxFCK6pyk0BYzXJqDbMjTQk733s1VEXWDu0SWsyTTXvVGr+yoXVYYROAB+cKW/vpsdkRZTRw==",
      "peer": true,
      "dependencies": {
        "tslib": "^2.3.0"
      },
      "engines": {
        "node": ">=12.20.0"
      },
      "peerDependencies": {
        "@esri/arcgis-rest-request": "^4.0.0"
      }
    },
    "node_modules/@esri/arcgis-rest-portal/node_modules/tslib": {
      "version": "2.8.1",
      "integrity": "sha512-oJFu94HQb+KVduSUQL7wnpmqnfmLsOA/nAh6b6EH0wCEoK0/mPeXU6c3wKDV83MkOuHPRHtSXKKU99IBazS/2w==",
      "peer": true
    },
    "node_modules/@esri/arcgis-rest-request": {
      "version": "4.7.3",
      "integrity": "sha512-0logbVDob7/5M7MNYAsB8c4/2S8xsXBrVQBvK1z+8QFCDz/mkJnzSeXQho/OCGhxTTLfEB7eKDXUG7ma7QDuvQ==",
      "peer": true,
      "dependencies": {
        "@esri/arcgis-rest-fetch": "^4.0.0",
        "@esri/arcgis-rest-form-data": "^4.0.0",
        "mitt": "^3.0.0",
        "tslib": "^2.3.1"
      },
      "engines": {
        "node": ">=12.20.0"
      }
    },
    "node_modules/@esri/arcgis-rest-request/node_modules/tslib": {
      "version": "2.8.1",
      "integrity": "sha512-oJFu94HQb+KVduSUQL7wnpmqnfmLsOA/nAh6b6EH0wCEoK0/mPeXU6c3wKDV83MkOuHPRHtSXKKU99IBazS/2w==",
      "peer": true
    },
    "node_modules/@terraformer/arcgis": {
      "version": "2.1.2",
      "integrity": "sha512-IvdfqehcNAUtKU1OFMKwPT8EvdKlVFZ7q7ZKzkIF8XzYZIVsZLuXuOS1UBdRh5u/o+X5Gax7jiZhD8U/4TV+Jw==",
      "dependencies": {
        "@terraformer/common": "^2.1.2"
      }
    },
    "node_modules/@terraformer/common": {
      "version": "2.1.2",
      "integrity": "sha512-cwPdTFzIpekZhZRrgDEkqLKNPoqbyCBQHiemaovnGIeUx0Pl336MY/eCxzJ5zXkrQLVo9zPalq/vYW5HnyKevQ=="
    },
    "node_modules/@types/adlib": {
      "version": "3.0.4",
      "integrity": "sha512-Z1OZHnvvPlgGrRa4MOg9x7B+T9HNP5EJpgIqwYABzxtRk0ZXJ5hDh5ospKubHKDKESzUn3bJZ4yJtjFRqglh1A==",
      "dev": true
    },
    "node_modules/@types/arcgis-rest-api": {
      "version": "10.4.8",
      "integrity": "sha512-MapiW0nP/5X0BUHmtRNEjbK0xrxS6n0syZWQk25H4ObFFwuK1+pGl7LQfOLgpsVM849WQ1b2sKIvWqEAvPwzCA==",
      "dev": true
    },
    "node_modules/@types/geojson": {
      "version": "7946.0.16",
      "integrity": "sha512-6C8nqWur3j98U6+lXDfTUWIfgvZU+EumvpHKcYjujKH7woYyLj2sUmff0tRhrqM7BohUw7Pz3ZB1jj2gW9Fvmg==",
      "dev": true
    },
    "node_modules/@types/terraformer__arcgis": {
      "version": "2.0.5",
      "integrity": "sha512-/QaNn2kjqVOQP1jzinvABiGG+VHN8rsKh54KklggwBNTdGa2U4nD63jTZdkCSHyozLF7XX+1a4hRZIu2qKetnQ==",
      "dev": true,
      "dependencies": {
        "@types/arcgis-rest-api": "*",
        "@types/geojson": "*"
      }
    },
    "node_modules/abab": {
      "version": "2.0.6",
      "integrity": "sha512-j2afSsaIENvHZN2B8GOpF566vZ5WVk5opAiMTvWgaQT8DkbOqsTfvNAvHoRGU2zzP8cPoqys+xHTRDWW8L+/BA==",
      "deprecated": "Use your platform's native atob() and btoa() methods instead"
    },
    "node_modules/adlib": {
      "version": "3.0.8",
      "integrity": "sha512-CbQ+mcm45pdDN0aAiGYP6FZWDor+BM4DbqJsrUptM79a2+FbiP8QdF0xHABbgCkioApKqg8lI33Gl6X8GFelfA==",
      "dependencies": {
        "esm": "^3.2.25"
      }
    },
    "node_modules/ajv": {
      "version": "6.12.6",
      "integrity": "sha512-j3fVLgvTo527anyYyJOGTYJbG+vnnQYvE0m5mmkc1TK+nxAppkCLMIL0aZ4dblVCNoGShhm+kzE4ZUykBoMg4g==",
      "dependencies": {
        "fast-deep-equal": "^3.1.1",
        "fast-json-stable-stringify": "^2.0.0",
        "json-schema-traverse": "^0.4.1",
        "uri-js": "^4.2.2"
      },
      "funding": {
        "type": "github",
        "url": "https://github.com/sponsors/epoberezkin"
      }
    },
    "node_modules/data-uri-to-buffer": {
      "version": "4.0.1",
      "integrity": "sha512-0R9ikRb668HB7QDxT1vkpuUBtqc53YyAwMwGeUFKRojY/NWKvdZ+9UYtRfGmhqNbRkTSVpMbmyhXipFFv2cb/A==",
      "peer": true,
      "engines": {
        "node": ">= 12"
      }
    },
    "node_modules/esm": {
      "version": "3.2.25",
      "integrity": "sha512-U1suiZ2oDVWv4zPO56S0NcR5QriEahGtdN2OR6FiOG4WJvcjBVFB0qI4+eKoWFH483PKGuLuu6V8Z4T5g63UVA==",
      "engines": {
        "node": ">=6"
      }
    },
    "node_modules/fast-deep-equal": {
      "version": "3.1.3",
      "integrity": "sha512-f3qQ9oQy9j2AhBe/H9VC91wLmKBCCU/gDOnKNAYG5hswO7BLKj09Hc5HYNz9cGI++xlpDCIgDaitVs03ATR84Q=="
    },
    "node_modules/fast-json-stable-stringify": {
      "version": "2.1.0",
      "integrity": "sha512-lhd/wF+Lk98HZoTCtlVraHtfh5XYijIjalXck7saUtuanSDyLMxnHhSXEDJqHxD7msR8D0uCmqlkwjCV8xvwHw=="
    },
    "node_modules/fast-xml-parser": {
      "version": "3.21.1",
      "integrity": "sha512-FTFVjYoBOZTJekiUsawGsSYV9QL0A+zDYCRj7y34IO6Jg+2IMYEtQa+bbictpdpV8dHxXywqU7C0gRDEOFtBFg==",
      "dependencies": {
        "strnum": "^1.0.4"
      },
      "bin": {
        "xml2js": "cli.js"
      },
      "funding": {
        "type": "paypal",
        "url": "https://paypal.me/naturalintelligence"
      }
    },
    "node_modules/fetch-blob": {
      "version": "3.2.0",
      "integrity": "sha512-7yAQpD2UMJzLi1Dqv7qFYnPbaPx7ZfFK6PiIxQ4PfkGPyNyl2Ugx+a/umUonmKqjhM4DnfbMvdX6otXq83soQQ==",
      "funding": [
        {
          "type": "github",
          "url": "https://github.com/sponsors/jimmywarting"
        },
        {
          "type": "paypal",
          "url": "https://paypal.me/jimmywarting"
        }
      ],
      "peer": true,
      "dependencies": {
        "node-domexception": "^1.0.0",
        "web-streams-polyfill": "^3.0.3"
      },
      "engines": {
        "node": "^12.20 || >= 14.13"
      }
    },
    "node_modules/fetch-blob/node_modules/web-streams-polyfill": {
      "version": "3.3.3",
      "integrity": "sha512-d2JWLCivmZYTSIoge9MsgFCZrt571BikcWGYkjC1khllbTeDlGqZ2D8vD8E/lJa8WGWbb7Plm8/XJYV7IJHZZw==",
      "peer": true,
      "engines": {
        "node": ">= 8"
      }
    },
    "node_modules/formdata-node": {
      "version": "4.4.1",
      "integrity": "sha512-0iirZp3uVDjVGt9p49aTaqjk84TrglENEDuqfdlZQ1roC9CWlPk6Avf8EEnZNcAqPonwkG35x4n3ww/1THYAeQ==",
      "peer": true,
      "dependencies": {
        "node-domexception": "1.0.0",
        "web-streams-polyfill": "4.0.0-beta.3"
      },
      "engines": {
        "node": ">= 12.20"
      }
    },
    "node_modules/formdata-polyfill": {
      "version": "4.0.10",
      "integrity": "sha512-buewHzMvYL29jdeQTVILecSaZKnt/RJWjoZCF5OW60Z67/GmSLBkOFM7qh1PI3zFNtJbaZL5eQu1vLfazOwj4g==",
      "peer": true,
      "dependencies": {
        "fetch-blob": "^3.1.2"
      },
      "engines": {
        "node": ">=12.20.0"
      }
    },
    "node_modules/json-schema-traverse": {
      "version": "0.4.1",
      "integrity": "sha512-xbbCH5dCYU5T8LcEhhuh7HJ88HXuW3qsI3Y0zOZFKfZEHcpWiHU/Jxzk629Brsab/mMiHQti9wMP+845RPe3Vg=="
    },
    "node_modules/json-schema-typed": {
      "version": "7.0.3",
      "integrity": "sha512-7DE8mpG+/fVw+dTpjbxnx47TaMnDfOI1jwft9g1VybltZCduyRQPJPvc+zzKY9WPHxhPWczyFuYa6I8Mw4iU5A=="
    },
    "node_modules/json-typescript": {
      "version": "1.1.2",
      "integrity": "sha512-Np07MUsYMKbB0nNlw/MMIRjUK7ehO48LA4FsrzrhCfTUxMKbvOBAo0sc0b4nQ80ge9d32sModCunCgoyUojgUA=="
    },
    "node_modules/jsonapi-typescript": {
      "version": "0.1.3",
      "integrity": "sha512-uPcPS01GeM+4HIyn18s7l1yD2S3uLZy2TX1UkQffCM0bLb3TMwudXUyVXPHTMZ4vdZT8MqKqN2vjB5PogTAdFQ==",
      "dependencies": {
        "json-typescript": "^1.0.0"
      }
    },
    "node_modules/mitt": {
      "version": "3.0.1",
      "integrity": "sha512-vKivATfr97l2/QBCYAkXYDbrIWPM2IIKEl7YPhjCvKlG3kE2gm+uBo6nEXK3M5/Ffh/FLpKExzOQ3JJoJGFKBw==",
      "peer": true
    },
    "node_modules/node-domexception": {
      "version": "1.0.0",
      "integrity": "sha512-/jKZoMpw0F8GRwl4/eLROPA3cfcXtLApP0QzLmUT/HuPCZWyB7IY9ZrMeKw2O/nFIqPQB3PVM9aYm0F312AXDQ==",
      "deprecated": "Use your platform's native DOMException instead",
      "funding": [
        {
          "type": "github",
          "url": "https://github.com/sponsors/jimmywarting"
        },
        {
          "type": "github",
          "url": "https://paypal.me/jimmywarting"
        }
      ],
      "peer": true,
      "engines": {
        "node": ">=10.5.0"
      }
    },
    "node_modules/node-fetch": {
      "version": "3.3.2",
      "integrity": "sha512-dRB78srN/l6gqWulah9SrxeYnxeddIG30+GOqK/9OlLVyLg3HPnr6SqOWTWOXKRwC2eGYCkZ59NNuSgvSrpgOA==",
      "peer": true,
      "dependencies": {
        "data-uri-to-buffer": "^4.0.0",
        "fetch-blob": "^3.1.4",
        "formdata-polyfill": "^4.0.10"
      },
      "engines": {
        "node": "^12.20.0 || ^14.13.1 || >=16.0.0"
      },
      "funding": {
        "type": "opencollective",
        "url": "https://opencollective.com/node-fetch"
      }
    },
    "node_modules/punycode": {
      "version": "2.3.1",
      "integrity": "sha512-vYt7UD1U9Wg6138shLtLOvdAu+8DsC/ilFtEVHcH+wydcSpNE20AfSOduf6MkRFahL5FY7X1oU7nKVZFtfq8Fg==",
      "engines": {
        "node": ">=6"
      }
    },
    "node_modules/strnum": {
      "version": "1.1.2",
      "integrity": "sha512-vrN+B7DBIoTTZjnPNewwhx6cBA/H+IS7rfW68n7XxC1y7uoiGQBxaKzqucGUgavX15dJgiGztLJ8vxuEzwqBdA==",
      "funding": [
        {
          "type": "github",
          "url": "https://github.com/sponsors/NaturalIntelligence"
        }
      ]
    },
    "node_modules/tslib": {
      "version": "1.14.1",
      "integrity": "sha512-Xni35NKzjgMrwevysHTCArtLDpPvye8zV/0E4EyYn43P7/7qvQwPh9BGkHewbMulVntbigmcT7rdX3BNo9wRJg=="
    },
    "node_modules/typescript": {
      "version": "3.9.10",
      "integrity": "sha512-w6fIxVE/H1PkLKcCPsFqKE7Kv7QUwhU8qQY2MueZXWx5cPZdwFupLgKK3vntcK98BtNHZtAF4LA/yl2a7k8R6Q==",
      "dev": true,
      "bin": {
        "tsc": "bin/tsc",
        "tsserver": "bin/tsserver"
      },
      "engines": {
        "node": ">=4.2.0"
      }
    },
    "node_modules/uri-js": {
      "version": "4.4.1",
      "integrity": "sha512-7rKUyy33Q1yc98pQ1DAmLtwX109F7TIfWlW1Ydo8Wl1ii1SeHieeh0HHfPeL2fMXK6z0s8ecKs9frCuLJvndBg==",
      "dependencies": {
        "punycode": "^2.1.0"
      }
    },
    "node_modules/web-streams-polyfill": {
      "version": "4.0.0-beta.3",
      "integrity": "sha512-QW95TCTaHmsYfHDybGMwO5IJIM93I/6vTRk+daHTWFPhwh+C8Cg7j7XyKrwrj8Ib6vYXe0ocYNrmzY4xAAN6ug==",
      "peer": true,
      "engines": {
        "node": ">= 14"
      }
    }
  },
  "dependencies": {
    "@esri/arcgis-rest-feature-service": {
      "version": "4.4.0",
      "peer": true,
      "requires": {
        "tslib": "^2.3.0"
      },
      "dependencies": {
        "tslib": {
          "version": "2.8.1",
          "peer": true
        }
      }
    },
    "@esri/arcgis-rest-fetch": {
      "version": "4.0.0",
      "peer": true,
      "requires": {
        "node-fetch": "^3.0.0"
      }
    },
    "@esri/arcgis-rest-form-data": {
      "version": "4.0.0",
      "peer": true,
      "requires": {
        "formdata-node": "^4.1.0"
      }
    },
    "@esri/arcgis-rest-portal": {
      "version": "4.7.0",
      "peer": true,
      "requires": {
        "tslib": "^2.3.0"
      },
      "dependencies": {
        "tslib": {
          "version": "2.8.1",
          "peer": true
        }
      }
    },
    "@esri/arcgis-rest-request": {
      "version": "4.7.3",
      "peer": true,
      "requires": {
        "@esri/arcgis-rest-fetch": "^4.0.0",
        "@esri/arcgis-rest-form-data": "^4.0.0",
        "mitt": "^3.0.0",
        "tslib": "^2.3.1"
      },
      "dependencies": {
        "tslib": {
          "version": "2.8.1",
          "peer": true
        }
      }
    },
    "@terraformer/arcgis": {
      "version": "2.1.2",
      "requires": {
        "@terraformer/common": "^2.1.2"
      }
    },
    "@terraformer/common": {
      "version": "2.1.2"
    },
    "@types/adlib": {
      "version": "3.0.4",
      "dev": true
    },
    "@types/arcgis-rest-api": {
      "version": "10.4.8",
      "dev": true
    },
    "@types/geojson": {
      "version": "7946.0.16",
      "dev": true
    },
    "@types/terraformer__arcgis": {
      "version": "2.0.5",
      "dev": true,
      "requires": {
        "@types/arcgis-rest-api": "*",
        "@types/geojson": "*"
      }
    },
    "abab": {
      "version": "2.0.6"
    },
    "adlib": {
      "version": "3.0.8",
      "requires": {
        "esm": "^3.2.25"
      }
    },
    "ajv": {
      "version": "6.12.6",
      "requires": {
        "fast-deep-equal": "^3.1.1",
        "fast-json-stable-stringify": "^2.0.0",
        "json-schema-traverse": "^0.4.1",
        "uri-js": "^4.2.2"
      }
    },
    "data-uri-to-buffer": {
      "version": "4.0.1",
      "peer": true
    },
    "esm": {
      "version": "3.2.25"
    },
    "fast-deep-equal": {
      "version": "3.1.3"
    },
    "fast-json-stable-stringify": {
      "version": "2.1.0"
    },
    "fast-xml-parser": {
      "version": "3.21.1",
      "requires": {
        "strnum": "^1.0.4"
      }
    },
    "fetch-blob": {
      "version": "3.2.0",
      "peer": true,
      "requires": {
        "node-domexception": "^1.0.0",
        "web-streams-polyfill": "^3.0.3"
      },
      "dependencies": {
        "web-streams-polyfill": {
          "version": "3.3.3",
          "peer": true
        }
      }
    },
    "formdata-node": {
      "version": "4.4.1",
      "peer": true,
      "requires": {
        "node-domexception": "1.0.0",
        "web-streams-polyfill": "4.0.0-beta.3"
      }
    },
    "formdata-polyfill": {
      "version": "4.0.10",
      "peer": true,
      "requires": {
        "fetch-blob": "^3.1.2"
      }
    },
    "json-schema-traverse": {
      "version": "0.4.1"
    },
    "json-schema-typed": {
      "version": "7.0.3"
    },
    "json-typescript": {
      "version": "1.1.2"
    },
    "jsonapi-typescript": {
      "version": "0.1.3",
      "requires": {
        "json-typescript": "^1.0.0"
      }
    },
    "mitt": {
      "version": "3.0.1",
      "peer": true
    },
    "node-domexception": {
      "version": "1.0.0",
      "peer": true
    },
    "node-fetch": {
      "version": "3.3.2",
      "peer": true,
      "requires": {
        "data-uri-to-buffer": "^4.0.0",
        "fetch-blob": "^3.1.4",
        "formdata-polyfill": "^4.0.10"
      }
    },
    "punycode": {
      "version": "2.3.1"
    },
    "strnum": {
      "version": "1.1.2"
    },
    "tslib": {
      "version": "1.14.1"
    },
    "typescript": {
      "version": "3.9.10",
      "dev": true
    },
    "uri-js": {
      "version": "4.4.1",
      "requires": {
        "punycode": "^2.1.0"
      }
    },
    "web-streams-polyfill": {
      "version": "4.0.0-beta.3",
      "peer": true
    }
  }
}
