{
	"requires": true,
	"lockfileVersion": 1,
	"dependencies": {
		"@esri/arcgis-rest-request": {
			"version": "1.17.0",
			"resolved": "https://registry.npmjs.org/@esri/arcgis-rest-request/-/arcgis-rest-request-1.17.0.tgz",
			"integrity": "sha512-6Rm0WEAQb/efiDq8aik6qlIyIYqA8OKdj4dHpQ6aVmmlFBCYUkf29Sy9whFhH3VtU62KULpQaaLSVjYP6m5tuw==",
			"requires": {
				"tslib": "^1.9.3"
			}
		},
		"tslib": {
			"version": "1.9.3",
			"resolved": "https://registry.npmjs.org/tslib/-/tslib-1.9.3.tgz",
			"integrity": "sha512-4krF8scpejhaOgqzBEcGM7yDIEfi0/8+8zDRZhNZZ2kjmHJ4hv3zCbQWxoJGz1iw5U0Jl0nma13xzHXcncMavQ=="
		}
	}
}
