{
	"requires": true,
	"lockfileVersion": 1,
	"dependencies": {
		"@esri/arcgis-rest-request": {
			"version": "1.7.0",
			"resolved": "https://registry.npmjs.org/@esri/arcgis-rest-request/-/arcgis-rest-request-1.7.0.tgz",
			"integrity": "sha512-m0lnoFKS+edDlBlGwXxBn1G4oRePdVbmJFPVnHoPQxqh/BZzWF2qcQuRf1NWX/Vz5G7CrG7FXrRGYlpu737v8g==",
			"requires": {
				"tslib": "^1.7.1"
			}
		},
		"tslib": {
			"version": "1.9.0",
			"resolved": "https://registry.npmjs.org/tslib/-/tslib-1.9.0.tgz",
			"integrity": "sha512-f/qGG2tUkrISBlQZEjEqoZ3B2+npJjIf04H1wuAv9iA8i04Icp+61KRXxFdha22670NJopsZCIjhC3SnjPRKrQ=="
		}
	}
}
