{
  "name": "@esri/hub-solutions",
  "version": "2.0.0",
  "lockfileVersion": 1,
  "requires": true,
  "dependencies": {
    "@esri/arcgis-rest-request": {
      "version": "2.0.1",
      "resolved": "https://registry.npmjs.org/@esri/arcgis-rest-request/-/arcgis-rest-request-2.0.1.tgz",
      "integrity": "sha512-lAhX15VI306bzzMH6xWCSSg1GHZxa5eWLb0r5M94Uet/Z0mMTXXTtIMQWYO0WQ05jEpLnZ5UKvNR0v9aKyFNkw==",
      "dev": true,
      "requires": {
        "tslib": "^1.9.3"
      }
    },
    "@esri/hub-common": {
      "version": "2.0.0",
      "dev": true,
      "requires": {
        "tslib": "^1.9.3"
      },
      "dependencies": {
        "@esri/arcgis-rest-auth": {
          "version": "2.0.1",
          "bundled": true,
          "requires": {
            "@esri/arcgis-rest-types": "^2.0.1",
            "tslib": "^1.9.3"
          }
        },
        "@esri/arcgis-rest-portal": {
          "version": "2.0.1",
          "bundled": true,
          "requires": {
            "@esri/arcgis-rest-types": "^2.0.1",
            "tslib": "^1.9.3"
          }
        },
        "@esri/arcgis-rest-request": {
          "version": "2.0.1",
          "bundled": true,
          "requires": {
            "tslib": "^1.9.3"
          }
        },
        "@esri/arcgis-rest-types": {
          "version": "2.0.1",
          "bundled": true
        },
        "tslib": {
          "version": "1.9.3",
          "bundled": true
        }
      }
    },
    "tslib": {
      "version": "1.9.3",
      "resolved": "https://registry.npmjs.org/tslib/-/tslib-1.9.3.tgz",
      "integrity": "sha512-4krF8scpejhaOgqzBEcGM7yDIEfi0/8+8zDRZhNZZ2kjmHJ4hv3zCbQWxoJGz1iw5U0Jl0nma13xzHXcncMavQ=="
    }
  }
}
