{
  "name": "ember-app",
  "version": "9.7.3",
  "lockfileVersion": 1,
  "requires": true,
  "dependencies": {
    "@esri/arcgis-rest-portal": {
      "version": "3.3.1",
      "resolved": "https://registry.npmjs.org/@esri/arcgis-rest-portal/-/arcgis-rest-portal-3.3.1.tgz",
      "integrity": "sha512-yIndjaPZOqy3RmGEXaTOpkGvzfi4aqCKt5hKcl0/JkdK9p5YsvXSlXFjT918ru+L7fZPFVeXUOQXqG3K8q3fKA==",
      "requires": {
        "@esri/arcgis-rest-types": "^3.3.1",
        "tslib": "^1.13.0"
      }
    },
    "@esri/arcgis-rest-types": {
      "version": "3.3.1",
      "resolved": "https://registry.npmjs.org/@esri/arcgis-rest-types/-/arcgis-rest-types-3.3.1.tgz",
      "integrity": "sha512-cqLUTW1PfF8anbeSmFe7kDYlm3YQntNGsAdmVtFWu3rm9IfmojtniHPjNtDQF6Y0P34MBMaLmSh+xdhxRAp32g=="
    },
    "tslib": {
      "version": "1.14.1",
      "resolved": "https://registry.npmjs.org/tslib/-/tslib-1.14.1.tgz",
      "integrity": "sha512-Xni35NKzjgMrwevysHTCArtLDpPvye8zV/0E4EyYn43P7/7qvQwPh9BGkHewbMulVntbigmcT7rdX3BNo9wRJg=="
    }
  }
}
