{
  "name": "ember-app",
  "version": "8.15.1",
  "lockfileVersion": 1,
  "requires": true,
  "dependencies": {
    "@esri/arcgis-rest-auth": {
      "version": "2.25.0",
      "resolved": "https://registry.npmjs.org/@esri/arcgis-rest-auth/-/arcgis-rest-auth-2.25.0.tgz",
      "integrity": "sha512-fJHbusenCtna0vZUcqX2L0a3KAKOrXIQJE++qRFK8IaVfIjx2KWgkOfgiAgW4kUkRsF1lq15pXEXVRo5LyD43Q==",
      "requires": {
        "@esri/arcgis-rest-types": "^2.25.0",
        "tslib": "^1.13.0"
      },
      "dependencies": {
        "@esri/arcgis-rest-types": {
          "version": "2.25.0",
          "resolved": "https://registry.npmjs.org/@esri/arcgis-rest-types/-/arcgis-rest-types-2.25.0.tgz",
          "integrity": "sha512-2iMwX8tUVTImpoyKjNVsigc0JCUM8hTlyIu/hF2NnehyetvsefSut8njMObwHy872zfBzZ+kOMyulGGzdHvLxg=="
        },
        "tslib": {
          "version": "1.14.1",
          "resolved": "https://registry.npmjs.org/tslib/-/tslib-1.14.1.tgz",
          "integrity": "sha512-Xni35NKzjgMrwevysHTCArtLDpPvye8zV/0E4EyYn43P7/7qvQwPh9BGkHewbMulVntbigmcT7rdX3BNo9wRJg=="
        }
      }
    },
    "@esri/arcgis-rest-portal": {
      "version": "2.25.0",
      "resolved": "https://registry.npmjs.org/@esri/arcgis-rest-portal/-/arcgis-rest-portal-2.25.0.tgz",
      "integrity": "sha512-OL2b59UhUtSfmJad6EwsOfUZRN031bgLfnznOrONRaB12U4iah+vjsCjkj1+l3sj8O6YlJpedLyP08Ci3IPY+g==",
      "requires": {
        "@esri/arcgis-rest-types": "^2.25.0",
        "tslib": "^1.13.0"
      },
      "dependencies": {
        "@esri/arcgis-rest-types": {
          "version": "2.25.0",
          "resolved": "https://registry.npmjs.org/@esri/arcgis-rest-types/-/arcgis-rest-types-2.25.0.tgz",
          "integrity": "sha512-2iMwX8tUVTImpoyKjNVsigc0JCUM8hTlyIu/hF2NnehyetvsefSut8njMObwHy872zfBzZ+kOMyulGGzdHvLxg=="
        },
        "tslib": {
          "version": "1.14.1",
          "resolved": "https://registry.npmjs.org/tslib/-/tslib-1.14.1.tgz",
          "integrity": "sha512-Xni35NKzjgMrwevysHTCArtLDpPvye8zV/0E4EyYn43P7/7qvQwPh9BGkHewbMulVntbigmcT7rdX3BNo9wRJg=="
        }
      }
    },
    "@esri/arcgis-rest-request": {
      "version": "2.25.0",
      "resolved": "https://registry.npmjs.org/@esri/arcgis-rest-request/-/arcgis-rest-request-2.25.0.tgz",
      "integrity": "sha512-4KYl+Ene7kwZg/M2ABneZizcWVoQkxDvyB9f6zrcKQ2uYjCj1kEl2OTBFmDhT7HFtBm/8cdLi79p/3kDGtSsqQ==",
      "requires": {
        "tslib": "^1.10.0"
      },
      "dependencies": {
        "tslib": {
          "version": "1.14.1",
          "resolved": "https://registry.npmjs.org/tslib/-/tslib-1.14.1.tgz",
          "integrity": "sha512-Xni35NKzjgMrwevysHTCArtLDpPvye8zV/0E4EyYn43P7/7qvQwPh9BGkHewbMulVntbigmcT7rdX3BNo9wRJg=="
        }
      }
    },
    "prettier": {
      "version": "2.2.1",
      "resolved": "https://registry.npmjs.org/prettier/-/prettier-2.2.1.tgz",
      "integrity": "sha512-PqyhM2yCjg/oKkFPtTGUojv7gnZAoG80ttl45O6x2Ug/rMJw4wcc9k6aaf2hibP7BGVCCM33gZoGjyvt9mm16Q==",
      "dev": true
    }
  }
}
