{
	"requires": true,
	"lockfileVersion": 1,
	"dependencies": {
		"@esri/arcgis-rest-auth": {
			"version": "1.18.0",
			"resolved": "https://registry.npmjs.org/@esri/arcgis-rest-auth/-/arcgis-rest-auth-1.18.0.tgz",
			"integrity": "sha512-xIeTZUPWYXXwRv1Nj8SmSOKopWautRKeSg9uHf5Q/GQGVDwtUJ7TGegkgpFnm3pTwsg8j6VfkWvHoCnGSzYveQ==",
			"requires": {
				"tslib": "^1.9.3"
			}
		},
		"@esri/arcgis-rest-common-types": {
			"version": "1.18.0",
			"resolved": "https://registry.npmjs.org/@esri/arcgis-rest-common-types/-/arcgis-rest-common-types-1.18.0.tgz",
			"integrity": "sha512-ESSlZAP8Xd50jqlypRWZ99LVHiD+PC8zHiMJd91k1nurtFuUI6DWZ4WU3U/6LixK5bKQLKJNCGK0cP4Hk2whZw=="
		},
		"@esri/arcgis-rest-feature-service": {
			"version": "1.18.0",
			"resolved": "https://registry.npmjs.org/@esri/arcgis-rest-feature-service/-/arcgis-rest-feature-service-1.18.0.tgz",
			"integrity": "sha512-CgyXVwd5W2xMQTLZnRzoniEdRoBtcjXhPDNCJuHDa51KAhsITSEhWxGhvvSA3c+IrdLyuQam3m1r4Y/+JgKNlg==",
			"requires": {
				"tslib": "^1.9.3"
			}
		},
		"@esri/arcgis-rest-groups": {
			"version": "1.18.0",
			"resolved": "https://registry.npmjs.org/@esri/arcgis-rest-groups/-/arcgis-rest-groups-1.18.0.tgz",
			"integrity": "sha512-jhhtzHno/aYg9G1GO5w4m6zM6x7Jej3Nnid0ia4DYB4G0prTw1CTe0RwHa5/obV1DgBV/y7xCf0JWIgquZMq2w==",
			"requires": {
				"tslib": "^1.9.3"
			}
		},
		"@esri/arcgis-rest-items": {
			"version": "1.18.0",
			"resolved": "https://registry.npmjs.org/@esri/arcgis-rest-items/-/arcgis-rest-items-1.18.0.tgz",
			"integrity": "sha512-c/qHXkn9Lqm7Ql+i1wGBvmQbN/gyaxLSq+cCB0SfZ9sbCFePlTw2hJqRKLuVMaNT6m5HX94uETK+PUtdNgtK/w==",
			"requires": {
				"tslib": "^1.9.3"
			}
		},
		"@esri/arcgis-rest-request": {
			"version": "1.18.0",
			"resolved": "https://registry.npmjs.org/@esri/arcgis-rest-request/-/arcgis-rest-request-1.18.0.tgz",
			"integrity": "sha512-PyRBYzcX1yMXBrYKw4AE8/4GTLsHkAyCgIJ2v/18jI/RqVqdrqfHXJFP79Zmi1BBuY9clhY2UOeHIAAsQPnphA==",
			"requires": {
				"tslib": "^1.9.3"
			}
		},
		"tslib": {
			"version": "1.9.3",
			"resolved": "https://registry.npmjs.org/tslib/-/tslib-1.9.3.tgz",
			"integrity": "sha512-4krF8scpejhaOgqzBEcGM7yDIEfi0/8+8zDRZhNZZ2kjmHJ4hv3zCbQWxoJGz1iw5U0Jl0nma13xzHXcncMavQ=="
		}
	}
}
