{
	"requires": true,
	"lockfileVersion": 1,
	"dependencies": {
		"@esri/arcgis-rest-request": {
			"version": "1.1.1",
			"resolved": "https://registry.npmjs.org/@esri/arcgis-rest-request/-/arcgis-rest-request-1.1.1.tgz",
			"integrity": "sha1-euh2kB9t5Dq9xx79jFiUqZbiCWc=",
			"requires": {
				"tslib": "1.7.1"
			}
		},
		"tslib": {
			"version": "1.7.1",
			"resolved": "https://registry.npmjs.org/tslib/-/tslib-1.7.1.tgz",
			"integrity": "sha1-vIAEFkaRkjp5/oN4u+s9ogF1OOw="
		}
	}
}
