{
	"requires": true,
	"lockfileVersion": 1,
	"dependencies": {
		"@esri/arcgis-rest-auth": {
			"version": "1.5.1",
			"resolved": "https://registry.npmjs.org/@esri/arcgis-rest-auth/-/arcgis-rest-auth-1.5.1.tgz",
			"integrity": "sha1-hDMt+Xe17fLne3xQLmC7e3lq0lc=",
			"requires": {
				"tslib": "^1.7.1"
			}
		},
		"@esri/arcgis-rest-common-types": {
			"version": "1.5.1",
			"resolved": "https://registry.npmjs.org/@esri/arcgis-rest-common-types/-/arcgis-rest-common-types-1.5.1.tgz",
			"integrity": "sha1-l4YXwq2tsWw2Aib6OMm7iTlzEH0="
		},
		"@esri/arcgis-rest-feature-service": {
			"version": "1.5.1",
			"resolved": "https://registry.npmjs.org/@esri/arcgis-rest-feature-service/-/arcgis-rest-feature-service-1.5.1.tgz",
			"integrity": "sha1-UHcRzNbH12qWAiGrt1NftGZqlEE=",
			"requires": {
				"tslib": "^1.7.1"
			}
		},
		"@esri/arcgis-rest-items": {
			"version": "1.5.1",
			"resolved": "https://registry.npmjs.org/@esri/arcgis-rest-items/-/arcgis-rest-items-1.5.1.tgz",
			"integrity": "sha1-RUKnZP+Vy/vxtmr/DObPbfFCcnQ=",
			"requires": {
				"tslib": "^1.7.1"
			}
		},
		"@esri/arcgis-rest-request": {
			"version": "1.5.1",
			"resolved": "https://registry.npmjs.org/@esri/arcgis-rest-request/-/arcgis-rest-request-1.5.1.tgz",
			"integrity": "sha1-FkpHBgWJL9D03rQihJMj/pNId4w=",
			"requires": {
				"tslib": "^1.7.1"
			}
		},
		"@esri/arcgis-rest-users": {
			"version": "1.5.1",
			"resolved": "https://registry.npmjs.org/@esri/arcgis-rest-users/-/arcgis-rest-users-1.5.1.tgz",
			"integrity": "sha1-LeuKlUw6AmAjzocB/1Ku3nwsx5g=",
			"requires": {
				"tslib": "^1.7.1"
			}
		},
		"tslib": {
			"version": "1.9.0",
			"resolved": "https://registry.npmjs.org/tslib/-/tslib-1.9.0.tgz",
			"integrity": "sha512-f/qGG2tUkrISBlQZEjEqoZ3B2+npJjIf04H1wuAv9iA8i04Icp+61KRXxFdha22670NJopsZCIjhC3SnjPRKrQ=="
		}
	}
}
