{
	"requires": true,
	"lockfileVersion": 1,
	"dependencies": {
		"@esri/arcgis-rest-auth": {
			"version": "1.4.1",
			"resolved": "https://registry.npmjs.org/@esri/arcgis-rest-auth/-/arcgis-rest-auth-1.4.1.tgz",
			"integrity": "sha512-W3jByOUjFXGCF4UtjFci5b1NgzjMa6+PxYeJ3yMbMHONGEG5H29dLKZsHmzPa/7NemXszhfLvit/oN9adHNpWg==",
			"requires": {
				"tslib": "^1.7.1"
			}
		},
		"@esri/arcgis-rest-common-types": {
			"version": "1.4.1",
			"resolved": "https://registry.npmjs.org/@esri/arcgis-rest-common-types/-/arcgis-rest-common-types-1.4.1.tgz",
			"integrity": "sha512-H7VeWJTr6egzkfBSUyJayWNuQv3TmMmjSez2ph6nRcYjZOFFHy14dqKwZOJLAaqlASJa1TOCPEKCkB5hyXifsw=="
		},
		"@esri/arcgis-rest-feature-service": {
			"version": "1.4.1",
			"resolved": "https://registry.npmjs.org/@esri/arcgis-rest-feature-service/-/arcgis-rest-feature-service-1.4.1.tgz",
			"integrity": "sha512-kPz0mEdAnv3GvfKt4mF6YNqDGa2dQC/LBqNf/Yf50eqST1VLm34MlhEjMsu/pi5zm8at5x9t/f6lLO51iPhRLA==",
			"requires": {
				"tslib": "^1.7.1"
			}
		},
		"@esri/arcgis-rest-items": {
			"version": "1.4.1",
			"resolved": "https://registry.npmjs.org/@esri/arcgis-rest-items/-/arcgis-rest-items-1.4.1.tgz",
			"integrity": "sha512-ApRk2EUK5Av8YJj0A30BLlWHRHwH4Wl99QXWwujpj+jIx7mvxPFjo8t17dNnEMjjQjDQOORf5QAJodGRnz5YBw==",
			"requires": {
				"tslib": "^1.7.1"
			}
		},
		"@esri/arcgis-rest-request": {
			"version": "1.4.1",
			"resolved": "https://registry.npmjs.org/@esri/arcgis-rest-request/-/arcgis-rest-request-1.4.1.tgz",
			"integrity": "sha512-N9dqzc4Z1PRf2k+tVr04j5oEAgtKLsDThsGAxoQkB4HB3u8zZtVgqpXlXTWBOhx10aiK/WO9dyUGl0exZ7kpfA==",
			"requires": {
				"tslib": "^1.7.1"
			}
		},
		"@esri/arcgis-rest-users": {
			"version": "1.4.1",
			"resolved": "https://registry.npmjs.org/@esri/arcgis-rest-users/-/arcgis-rest-users-1.4.1.tgz",
			"integrity": "sha512-vAcyEkg6ve6L3V8Ba2c6qa+y4wGbqiLhrAS4YXbHBgQzawgkpBOLu8dDRhb4kZi9lb8rMRtF8dQj+gAnLSiJWw==",
			"requires": {
				"tslib": "^1.7.1"
			}
		},
		"tslib": {
			"version": "1.9.0",
			"resolved": "https://registry.npmjs.org/tslib/-/tslib-1.9.0.tgz",
			"integrity": "sha512-f/qGG2tUkrISBlQZEjEqoZ3B2+npJjIf04H1wuAv9iA8i04Icp+61KRXxFdha22670NJopsZCIjhC3SnjPRKrQ=="
		}
	}
}
