{
	"requires": true,
	"lockfileVersion": 1,
	"dependencies": {
		"@esri/arcgis-rest-auth": {
			"version": "1.11.0",
			"resolved": "https://registry.npmjs.org/@esri/arcgis-rest-auth/-/arcgis-rest-auth-1.11.0.tgz",
			"integrity": "sha512-pwgn76O/sVbJ70sRy8oQAIKwCl5P4vxBjM5IWmg3eeJJNKzgNAI8Ty3aoV9nHDtRZ80M7kDk0jqi1NGLMndFtQ==",
			"requires": {
				"tslib": "^1.7.1"
			}
		},
		"@esri/arcgis-rest-common-types": {
			"version": "1.11.0",
			"resolved": "https://registry.npmjs.org/@esri/arcgis-rest-common-types/-/arcgis-rest-common-types-1.11.0.tgz",
			"integrity": "sha512-uHgrSWZ1CWGVxUBkrHh8Mb2UBnaFADZCg4KMSBuaAy+P1FoCf0aLY2pxfhH2c7JevTiOVrY5Hx9oqdtw/QJvtw=="
		},
		"@esri/arcgis-rest-feature-service": {
			"version": "1.11.0",
			"resolved": "https://registry.npmjs.org/@esri/arcgis-rest-feature-service/-/arcgis-rest-feature-service-1.11.0.tgz",
			"integrity": "sha512-HuW0y3aweJqH/IEczo7WPwOPc2FJEYP3xORGomT2ABit9juROs0dH8zyBJoiQ0O7SGkG4CJmFb5gWT1mJ6UIjQ==",
			"requires": {
				"tslib": "^1.7.1"
			}
		},
		"@esri/arcgis-rest-items": {
			"version": "1.11.0",
			"resolved": "https://registry.npmjs.org/@esri/arcgis-rest-items/-/arcgis-rest-items-1.11.0.tgz",
			"integrity": "sha512-Gl1PJBj8Ak9oGrzkk6UCDwgGA2KtewmnZO7LZ0irpkHPMHS5CeGvOhMnCL+6Vwg4+pi1XuJYa1+5vyWruGoJ4g==",
			"requires": {
				"tslib": "^1.7.1"
			}
		},
		"@esri/arcgis-rest-request": {
			"version": "1.11.0",
			"resolved": "https://registry.npmjs.org/@esri/arcgis-rest-request/-/arcgis-rest-request-1.11.0.tgz",
			"integrity": "sha512-vKuVayN5NPd3wVvC0YSpG1zFigVSBbUghOPM7kOVV8uDfrBQ5sIImIYfShNWSAgJhkgIreYbA7KV36mo0MRvgg==",
			"requires": {
				"tslib": "^1.7.1"
			}
		},
		"@esri/arcgis-rest-users": {
			"version": "1.11.0",
			"resolved": "https://registry.npmjs.org/@esri/arcgis-rest-users/-/arcgis-rest-users-1.11.0.tgz",
			"integrity": "sha512-Kvycf5yS+dpMdYZwZhl117DHLefj0lMv7FAnCgRzoNub++f3nnPMkDJULudi7zuR7KCCAZ/ibexB/bvDimO0jw==",
			"requires": {
				"tslib": "^1.7.1"
			}
		},
		"tslib": {
			"version": "1.9.3",
			"resolved": "https://registry.npmjs.org/tslib/-/tslib-1.9.3.tgz",
			"integrity": "sha512-4krF8scpejhaOgqzBEcGM7yDIEfi0/8+8zDRZhNZZ2kjmHJ4hv3zCbQWxoJGz1iw5U0Jl0nma13xzHXcncMavQ=="
		}
	}
}
