{
	"requires": true,
	"lockfileVersion": 1,
	"dependencies": {
		"@esri/arcgis-rest-auth": {
			"version": "2.0.1",
			"resolved": "https://registry.npmjs.org/@esri/arcgis-rest-auth/-/arcgis-rest-auth-2.0.1.tgz",
			"integrity": "sha512-88SVnEpX/JpnLqeWxyf07c+dXEDfibKol7bZIRrrbBuw28dsRiwQqlMqI+bF0Vbyj0zTid/zvBLn74DNovKkFg==",
			"requires": {
				"@esri/arcgis-rest-types": "^2.0.1",
				"tslib": "^1.9.3"
			}
		},
		"@esri/arcgis-rest-feature-layer": {
			"version": "2.0.1",
			"resolved": "https://registry.npmjs.org/@esri/arcgis-rest-feature-layer/-/arcgis-rest-feature-layer-2.0.1.tgz",
			"integrity": "sha512-X6NS9kKKUVJMR4lSkNiklRrt4Lg+mAPsY1SGNGZZRRqmJ8P5xzV8yabEACcPzxZvySoZLLf84vY8hIAPPv+7Zg==",
			"requires": {
				"@esri/arcgis-rest-types": "^2.0.1",
				"tslib": "^1.9.3"
			}
		},
		"@esri/arcgis-rest-portal": {
			"version": "2.0.1",
			"resolved": "https://registry.npmjs.org/@esri/arcgis-rest-portal/-/arcgis-rest-portal-2.0.1.tgz",
			"integrity": "sha512-KlSvvojy6NKR2TXgNJq+w/jwhpIouiNihtnv8v2o2XKt6pRrMgL7qIzZssQbB6UZ1FD8gxbdXe6xdwRgW+yaiQ==",
			"requires": {
				"@esri/arcgis-rest-types": "^2.0.1",
				"tslib": "^1.9.3"
			}
		},
		"@esri/arcgis-rest-request": {
			"version": "2.0.1",
			"resolved": "https://registry.npmjs.org/@esri/arcgis-rest-request/-/arcgis-rest-request-2.0.1.tgz",
			"integrity": "sha512-lAhX15VI306bzzMH6xWCSSg1GHZxa5eWLb0r5M94Uet/Z0mMTXXTtIMQWYO0WQ05jEpLnZ5UKvNR0v9aKyFNkw==",
			"requires": {
				"tslib": "^1.9.3"
			}
		},
		"@esri/arcgis-rest-types": {
			"version": "2.0.1",
			"resolved": "https://registry.npmjs.org/@esri/arcgis-rest-types/-/arcgis-rest-types-2.0.1.tgz",
			"integrity": "sha512-3bsrqespqnjAkT+fdnEOfyX57cjnijEWegnXngeD6QlBohTtIys0bhw5bKySOkq4Jnv3JZzmiPYqVZCuJcDKig=="
		},
		"@esri/hub-common": {
			"version": "2.0.0",
			"resolved": "https://registry.npmjs.org/@esri/hub-common/-/hub-common-2.0.0.tgz",
			"integrity": "sha512-3Kb9bLIv5XmBzjFB4ZShBkkYj6Dd8C5dJlEpT04rurknq3a6cPl33G9iPoN6dnmE6kypwK9MxWq8kbp6xbNoiw==",
			"requires": {
				"tslib": "^1.9.3"
			}
		},
		"tslib": {
			"version": "1.9.3",
			"resolved": "https://registry.npmjs.org/tslib/-/tslib-1.9.3.tgz",
			"integrity": "sha512-4krF8scpejhaOgqzBEcGM7yDIEfi0/8+8zDRZhNZZ2kjmHJ4hv3zCbQWxoJGz1iw5U0Jl0nma13xzHXcncMavQ=="
		}
	}
}
