{
	"name": "@esri/hub-search",
	"version": "1.10.0",
	"lockfileVersion": 1,
	"requires": true,
	"dependencies": {
		"@esri/arcgis-rest-auth": {
			"version": "1.19.1",
			"resolved": "https://registry.npmjs.org/@esri/arcgis-rest-auth/-/arcgis-rest-auth-1.19.1.tgz",
			"integrity": "sha512-7QIxsC+r/J4TCWuUPMzFnNqiBgNd3LQqFJeLniR4mehqg2rS2yooNdIupCMggRGUahUDcB7Ry6y0f7UqYa3n6g==",
			"requires": {
				"tslib": "^1.9.3"
			}
		},
		"@esri/arcgis-rest-common-types": {
			"version": "1.19.1",
			"resolved": "https://registry.npmjs.org/@esri/arcgis-rest-common-types/-/arcgis-rest-common-types-1.19.1.tgz",
			"integrity": "sha512-XTBxYemDeEVDKyjj+svWP32xxdM+JL+ZEeP1diGJ8KS/EvoHmFxNc780Z3dQMZXpcOCTs3pYBZ05kjHqbjPmow=="
		},
		"@esri/arcgis-rest-feature-service": {
			"version": "1.19.1",
			"resolved": "https://registry.npmjs.org/@esri/arcgis-rest-feature-service/-/arcgis-rest-feature-service-1.19.1.tgz",
			"integrity": "sha512-FV1vUeGQCY/EVJrHDeyq8clpBf0e4S/SsYnH5erBcuur2pOFUvZ2AaWk3ShZXIvmM4xg96qxr3SCP0i1vt7n9w==",
			"requires": {
				"tslib": "^1.9.3"
			}
		},
		"@esri/arcgis-rest-groups": {
			"version": "1.19.1",
			"resolved": "https://registry.npmjs.org/@esri/arcgis-rest-groups/-/arcgis-rest-groups-1.19.1.tgz",
			"integrity": "sha512-BBjsCE5Mis5BTOfg7QUSDe9687eUvXnIV94jHMj4gnGszpF92bhTPgysi+Gj3QfrvA3A7FMdWWluhUz93wKWrw==",
			"requires": {
				"tslib": "^1.9.3"
			}
		},
		"@esri/arcgis-rest-items": {
			"version": "1.19.1",
			"resolved": "https://registry.npmjs.org/@esri/arcgis-rest-items/-/arcgis-rest-items-1.19.1.tgz",
			"integrity": "sha512-AVubdrvl7D3UJgA33CqgvQjCRQa1lCMndZYomR43vcDsT134dD9zaqno++tO+kk3xZcKFU7fKj8beZdvdgr+xw==",
			"requires": {
				"tslib": "^1.9.3"
			}
		},
		"@esri/arcgis-rest-portal": {
			"version": "2.0.0",
			"resolved": "https://registry.npmjs.org/@esri/arcgis-rest-portal/-/arcgis-rest-portal-2.0.0.tgz",
			"integrity": "sha512-j1/mF64XqmLdguuYBo9F7zbmaZAyAyy1Jlwq+nNT7rI3w8GC3xssslMg7DBdrPktjCOF7DAkQxAkUyHBd3Qxig==",
			"requires": {
				"@esri/arcgis-rest-types": "^2.0.0",
				"tslib": "^1.9.3"
			}
		},
		"@esri/arcgis-rest-request": {
			"version": "1.19.1",
			"resolved": "https://registry.npmjs.org/@esri/arcgis-rest-request/-/arcgis-rest-request-1.19.1.tgz",
			"integrity": "sha512-kPSYc8zEuTmDz3iWRzXyS+kZ1vXPMZ8oqTyk56urge4mJ870ED1BZJ0RO14GreT3gtYcTtMiey5ycHC2Iw7w7w==",
			"requires": {
				"tslib": "^1.9.3"
			}
		},
		"@esri/arcgis-rest-sharing": {
			"version": "1.19.1",
			"resolved": "https://registry.npmjs.org/@esri/arcgis-rest-sharing/-/arcgis-rest-sharing-1.19.1.tgz",
			"integrity": "sha512-F56jFJnRz6yNYJWPDqcyNi5L6HaFS6nNZArYvOjb2mjjcXkmMaY/hFMiWQAV90vTn63zTyYyCwoFK0tFhChFxg==",
			"requires": {
				"tslib": "^1.9.3"
			}
		},
		"@esri/arcgis-rest-types": {
			"version": "2.0.0",
			"resolved": "https://registry.npmjs.org/@esri/arcgis-rest-types/-/arcgis-rest-types-2.0.0.tgz",
			"integrity": "sha512-QGx2vjEUvsEQW2e1bQrWAmg5G5HyCOK3lseduXfLSMCcHSpKFsU/1T34Eg5B16ULN2WF3414GjVA2yxlwtqsgQ=="
		},
		"@esri/hub-common": {
			"version": "1.11.0",
			"resolved": "https://registry.npmjs.org/@esri/hub-common/-/hub-common-1.11.0.tgz",
			"integrity": "sha512-fRg7L7Pu66alFpMc6/+0adXL/27juIBecDyzmB4Esv28AZMi3I8H39Tp7R+PAZpoLnhYnkr+ITKE83VPZJOF3g==",
			"dev": true,
			"requires": {
				"@esri/arcgis-rest-common-types": "^1.19.0"
			}
		},
		"@esri/hub-domains": {
			"version": "1.11.0",
			"resolved": "https://registry.npmjs.org/@esri/hub-domains/-/hub-domains-1.11.0.tgz",
			"integrity": "sha512-+/OvBTSYzZJHEhqdZ5qtqLouPTyPJz09ndicTi9OMl5I/2OgQwJ4JM7yUQeDfpcfjadlGr0cCFsrRjNN5kCNdg==",
			"dev": true,
			"requires": {
				"@esri/arcgis-rest-request": "^1.19.0",
				"tslib": "^1.9.3"
			}
		},
		"@esri/hub-sites": {
			"version": "1.11.0",
			"resolved": "https://registry.npmjs.org/@esri/hub-sites/-/hub-sites-1.11.0.tgz",
			"integrity": "sha512-WunmdsWoNVSIGNynyCpp/IhByVbMyr7Lp8Z64v9+CZDgec7l7T8p1fIiGg/AP0NrheyRVvHOnHvZxc+fFeFc1g==",
			"dev": true,
			"requires": {
				"@esri/arcgis-rest-auth": "^1.19.0",
				"@esri/arcgis-rest-common-types": "^1.19.0",
				"@esri/arcgis-rest-items": "^1.19.0",
				"@esri/arcgis-rest-request": "^1.19.0",
				"tslib": "^1.9.3"
			}
		},
		"blob": {
			"version": "0.0.4",
			"resolved": "https://registry.npmjs.org/blob/-/blob-0.0.4.tgz",
			"integrity": "sha1-vPEwUspURj8w+fx+lbmkdjCpSSE=",
			"dev": true
		},
		"tslib": {
			"version": "1.9.3",
			"resolved": "https://registry.npmjs.org/tslib/-/tslib-1.9.3.tgz",
			"integrity": "sha512-4krF8scpejhaOgqzBEcGM7yDIEfi0/8+8zDRZhNZZ2kjmHJ4hv3zCbQWxoJGz1iw5U0Jl0nma13xzHXcncMavQ=="
		}
	}
}
