{
	"name": "@esri/hub-search",
	"version": "1.10.0",
	"lockfileVersion": 1,
	"requires": true,
	"dependencies": {
		"@esri/arcgis-rest-auth": {
			"version": "2.0.0",
			"resolved": "https://registry.npmjs.org/@esri/arcgis-rest-auth/-/arcgis-rest-auth-2.0.0.tgz",
			"integrity": "sha512-QSTKAFr++TUCV/4Xo5ySeG0PKueNJm3kxB7Rulh7ER8UVwjqDHaGqV/G1EkIRqdcIzW1GrBfedoqWaYaEhvaiQ==",
			"dev": true,
			"requires": {
				"@esri/arcgis-rest-types": "^2.0.0",
				"tslib": "^1.9.3"
			}
		},
		"@esri/arcgis-rest-common-types": {
			"version": "1.19.2",
			"resolved": "https://registry.npmjs.org/@esri/arcgis-rest-common-types/-/arcgis-rest-common-types-1.19.2.tgz",
			"integrity": "sha512-K+8WrYF2DE7MDHPzR2jOXgdKjQudw1cyeV31Uv933tKKtnpL9eRu0VTdu2CTVBdfuMyIGZnVOf9JgTjvyW4few==",
			"dev": true
		},
		"@esri/arcgis-rest-feature-layer": {
			"version": "2.0.0",
			"resolved": "https://registry.npmjs.org/@esri/arcgis-rest-feature-layer/-/arcgis-rest-feature-layer-2.0.0.tgz",
			"integrity": "sha512-3ipCveA3rZrn+s+z4J6ApBXBFj8UDLgljsuWGRKqXSZlOXvlBE7gSnedkZjlKLijIVlwHxEJn+cZM1v4f2FMyg==",
			"dev": true,
			"requires": {
				"@esri/arcgis-rest-types": "^2.0.0",
				"tslib": "^1.9.3"
			}
		},
		"@esri/arcgis-rest-portal": {
			"version": "2.0.0",
			"resolved": "https://registry.npmjs.org/@esri/arcgis-rest-portal/-/arcgis-rest-portal-2.0.0.tgz",
			"integrity": "sha512-j1/mF64XqmLdguuYBo9F7zbmaZAyAyy1Jlwq+nNT7rI3w8GC3xssslMg7DBdrPktjCOF7DAkQxAkUyHBd3Qxig==",
			"dev": true,
			"requires": {
				"@esri/arcgis-rest-types": "^2.0.0",
				"tslib": "^1.9.3"
			}
		},
		"@esri/arcgis-rest-request": {
			"version": "2.0.0",
			"resolved": "https://registry.npmjs.org/@esri/arcgis-rest-request/-/arcgis-rest-request-2.0.0.tgz",
			"integrity": "sha512-iWTSEVzcLB2f08sWlFK8OlzlH5bEUMlmw2CrS/sS8NVcNSifILNXcQ/2zUo7oCD9biJ/05+gpssh9S3BBEg6QQ==",
			"dev": true,
			"requires": {
				"tslib": "^1.9.3"
			}
		},
		"@esri/arcgis-rest-types": {
			"version": "2.0.0",
			"resolved": "https://registry.npmjs.org/@esri/arcgis-rest-types/-/arcgis-rest-types-2.0.0.tgz",
			"integrity": "sha512-QGx2vjEUvsEQW2e1bQrWAmg5G5HyCOK3lseduXfLSMCcHSpKFsU/1T34Eg5B16ULN2WF3414GjVA2yxlwtqsgQ==",
			"dev": true
		},
		"@esri/hub-common": {
			"version": "1.11.1",
			"resolved": "https://registry.npmjs.org/@esri/hub-common/-/hub-common-1.11.1.tgz",
			"integrity": "sha512-4SiPG5bfCDAhGEp/89bATIRdszDkHKmtWwobYHm76iTrgwf+HFFYluxFfr/VfUZc/gM658HheW1Nkrwmgq7FpA==",
			"dev": true,
			"requires": {
				"@esri/arcgis-rest-common-types": "^1.19.0",
				"@esri/arcgis-rest-request": "^1.19.0"
			},
			"dependencies": {
				"@esri/arcgis-rest-request": {
					"version": "1.19.2",
					"resolved": "https://registry.npmjs.org/@esri/arcgis-rest-request/-/arcgis-rest-request-1.19.2.tgz",
					"integrity": "sha512-7NVFaokEuu3GRnNPOIHUcgHHnNBpEwpu4iQOC49nm40oNnAwF+2xjNU5bhvP+ja/UT3K/sNSn2H+Xo6i9CgQew==",
					"dev": true,
					"requires": {
						"tslib": "^1.9.3"
					}
				}
			}
		},
		"tslib": {
			"version": "1.9.3",
			"resolved": "https://registry.npmjs.org/tslib/-/tslib-1.9.3.tgz",
			"integrity": "sha512-4krF8scpejhaOgqzBEcGM7yDIEfi0/8+8zDRZhNZZ2kjmHJ4hv3zCbQWxoJGz1iw5U0Jl0nma13xzHXcncMavQ=="
		}
	}
}
